// !$*UTF8*$!
{
	archiveVersion = 1;
	classes = {
	};
	objectVersion = 55;
	objects = {

/* Begin PBXBuildFile section */
		D849305E2829841A002DDFD2 /* RestroomMapApp.swift in Sources */ = {isa = PBXBuildFile; fileRef = D849305D2829841A002DDFD2 /* RestroomMapApp.swift */; };
		D84930602829841A002DDFD2 /* ContentView.swift in Sources */ = {isa = PBXBuildFile; fileRef = D849305F2829841A002DDFD2 /* ContentView.swift */; };
		D84930622829841B002DDFD2 /* Assets.xcassets in Resources */ = {isa = PBXBuildFile; fileRef = D84930612829841B002DDFD2 /* Assets.xcassets */; };
		D84930652829841B002DDFD2 /* Preview Assets.xcassets in Resources */ = {isa = PBXBuildFile; fileRef = D84930642829841B002DDFD2 /* Preview Assets.xcassets */; };
		D849306F2829841B002DDFD2 /* RestroomMapTests.swift in Sources */ = {isa = PBXBuildFile; fileRef = D849306E2829841B002DDFD2 /* RestroomMapTests.swift */; };
		D84930792829841B002DDFD2 /* RestroomMapUITests.swift in Sources */ = {isa = PBXBuildFile; fileRef = D84930782829841B002DDFD2 /* RestroomMapUITests.swift */; };
		D849307B2829841B002DDFD2 /* RestroomMapUITestsLaunchTests.swift in Sources */ = {isa = PBXBuildFile; fileRef = D849307A2829841B002DDFD2 /* RestroomMapUITestsLaunchTests.swift */; };
/* End PBXBuildFile section */

/* Begin PBXContainerItemProxy section */
		D849306B2829841B002DDFD2 /* PBXContainerItemProxy */ = {
			isa = PBXContainerItemProxy;
			containerPortal = D84930522829841A002DDFD2 /* Project object */;
			proxyType = 1;
			remoteGlobalIDString = D84930592829841A002DDFD2;
			remoteInfo = RestroomMap;
		};
		D84930752829841B002DDFD2 /* PBXContainerItemProxy */ = {
			isa = PBXContainerItemProxy;
			containerPortal = D84930522829841A002DDFD2 /* Project object */;
			proxyType = 1;
			remoteGlobalIDString = D84930592829841A002DDFD2;
			remoteInfo = RestroomMap;
		};
/* End PBXContainerItemProxy section */

/* Begin PBXFileReference section */
		D849305A2829841A002DDFD2 /* RestroomMap.app */ = {isa = PBXFileReference; explicitFileType = wrapper.application; includeInIndex = 0; path = RestroomMap.app; sourceTree = BUILT_PRODUCTS_DIR; };
		D849305D2829841A002DDFD2 /* RestroomMapApp.swift */ = {isa = PBXFileReference; lastKnownFileType = sourcecode.swift; path = RestroomMapApp.swift; sourceTree = "<group>"; };
		D849305F2829841A002DDFD2 /* ContentView.swift */ = {isa = PBXFileReference; lastKnownFileType = sourcecode.swift; path = ContentView.swift; sourceTree = "<group>"; };
		D84930612829841B002DDFD2 /* Assets.xcassets */ = {isa = PBXFileReference; lastKnownFileType = folder.assetcatalog; path = Assets.xcassets; sourceTree = "<group>"; };
		D84930642829841B002DDFD2 /* Preview Assets.xcassets */ = {isa = PBXFileReference; lastKnownFileType = folder.assetcatalog; path = "Preview Assets.xcassets"; sourceTree = "<group>"; };
		D849306A2829841B002DDFD2 /* RestroomMapTests.xctest */ = {isa = PBXFileReference; explicitFileType = wrapper.cfbundle; includeInIndex = 0; path = RestroomMapTests.xctest; sourceTree = BUILT_PRODUCTS_DIR; };
		D849306E2829841B002DDFD2 /* RestroomMapTests.swift */ = {isa = PBXFileReference; lastKnownFileType = sourcecode.swift; path = RestroomMapTests.swift; sourceTree = "<group>"; };
		D84930742829841B002DDFD2 /* RestroomMapUITests.xctest */ = {isa = PBXFileReference; explicitFileType = wrapper.cfbundle; includeInIndex = 0; path = RestroomMapUITests.xctest; sourceTree = BUILT_PRODUCTS_DIR; };
		D84930782829841B002DDFD2 /* RestroomMapUITests.swift */ = {isa = PBXFileReference; lastKnownFileType = sourcecode.swift; path = RestroomMapUITests.swift; sourceTree = "<group>"; };
		D849307A2829841B002DDFD2 /* RestroomMapUITestsLaunchTests.swift */ = {isa = PBXFileReference; lastKnownFileType = sourcecode.swift; path = RestroomMapUITestsLaunchTests.swift; sourceTree = "<group>"; };
		D849309E2829FF77002DDFD2 /* README.md */ = {isa = PBXFileReference; lastKnownFileType = net.daringfireball.markdown; path = README.md; sourceTree = "<group>"; };
/* End PBXFileReference section */

/* Begin PBXFrameworksBuildPhase section */
		D84930572829841A002DDFD2 /* Frameworks */ = {
			isa = PBXFrameworksBuildPhase;
			buildActionMask = 2147483647;
			files = (
			);
			runOnlyForDeploymentPostprocessing = 0;
		};
		D84930672829841B002DDFD2 /* Frameworks */ = {
			isa = PBXFrameworksBuildPhase;
			buildActionMask = 2147483647;
			files = (
			);
			runOnlyForDeploymentPostprocessing = 0;
		};
		D84930712829841B002DDFD2 /* Frameworks */ = {
			isa = PBXFrameworksBuildPhase;
			buildActionMask = 2147483647;
			files = (
			);
			runOnlyForDeploymentPostprocessing = 0;
		};
/* End PBXFrameworksBuildPhase section */

/* Begin PBXGroup section */
		D84930512829841A002DDFD2 = {
			isa = PBXGroup;
			children = (
				D849309E2829FF77002DDFD2 /* README.md */,
				D849305C2829841A002DDFD2 /* RestroomMap */,
				D849306D2829841B002DDFD2 /* RestroomMapTests */,
				D84930772829841B002DDFD2 /* RestroomMapUITests */,
				D849305B2829841A002DDFD2 /* Products */,
			);
			sourceTree = "<group>";
		};
		D849305B2829841A002DDFD2 /* Products */ = {
			isa = PBXGroup;
			children = (
				D849305A2829841A002DDFD2 /* RestroomMap.app */,
				D849306A2829841B002DDFD2 /* RestroomMapTests.xctest */,
				D84930742829841B002DDFD2 /* RestroomMapUITests.xctest */,
			);
			name = Products;
			sourceTree = "<group>";
		};
		D849305C2829841A002DDFD2 /* RestroomMap */ = {
			isa = PBXGroup;
			children = (
				D84930952829FD47002DDFD2 /* Application */,
				D849308C2829FC85002DDFD2 /* Presentation */,
				D849308B2829FC82002DDFD2 /* Domain */,
				D84930882829FC7A002DDFD2 /* Data */,
				D84930992829FDC1002DDFD2 /* SupportFiles */,
				D84930612829841B002DDFD2 /* Assets.xcassets */,
				D84930632829841B002DDFD2 /* Preview Content */,
			);
			path = RestroomMap;
			sourceTree = "<group>";
		};
		D84930632829841B002DDFD2 /* Preview Content */ = {
			isa = PBXGroup;
			children = (
				D84930642829841B002DDFD2 /* Preview Assets.xcassets */,
			);
			path = "Preview Content";
			sourceTree = "<group>";
		};
		D849306D2829841B002DDFD2 /* RestroomMapTests */ = {
			isa = PBXGroup;
			children = (
				D849306E2829841B002DDFD2 /* RestroomMapTests.swift */,
				D849309A2829FDF4002DDFD2 /* Domain */,
				D849309D2829FE12002DDFD2 /* Data */,
			);
			path = RestroomMapTests;
			sourceTree = "<group>";
		};
		D84930772829841B002DDFD2 /* RestroomMapUITests */ = {
			isa = PBXGroup;
			children = (
				D84930782829841B002DDFD2 /* RestroomMapUITests.swift */,
				D849307A2829841B002DDFD2 /* RestroomMapUITestsLaunchTests.swift */,
			);
			path = RestroomMapUITests;
			sourceTree = "<group>";
		};
		D84930872829FC76002DDFD2 /* Network */ = {
			isa = PBXGroup;
			children = (
			);
			path = Network;
			sourceTree = "<group>";
		};
		D84930882829FC7A002DDFD2 /* Data */ = {
			isa = PBXGroup;
			children = (
				D84930892829FC7C002DDFD2 /* Entity */,
				D849308A2829FC7E002DDFD2 /* DataStore */,
				D84930872829FC76002DDFD2 /* Network */,
			);
			path = Data;
			sourceTree = "<group>";
		};
		D84930892829FC7C002DDFD2 /* Entity */ = {
			isa = PBXGroup;
			children = (
			);
			path = Entity;
			sourceTree = "<group>";
		};
		D849308A2829FC7E002DDFD2 /* DataStore */ = {
			isa = PBXGroup;
			children = (
			);
			path = DataStore;
			sourceTree = "<group>";
		};
		D849308B2829FC82002DDFD2 /* Domain */ = {
			isa = PBXGroup;
			children = (
				D84930922829FCDC002DDFD2 /* Model */,
				D84930982829FD83002DDFD2 /* Translator */,
				D84930932829FCE2002DDFD2 /* UseCase */,
				D84930942829FCE9002DDFD2 /* Repository */,
			);
			path = Domain;
			sourceTree = "<group>";
		};
		D849308C2829FC85002DDFD2 /* Presentation */ = {
			isa = PBXGroup;
			children = (
				D849308D2829FC8B002DDFD2 /* UI */,
				D84930912829FCCC002DDFD2 /* Controller */,
				D84930972829FD6D002DDFD2 /* Presenter */,
			);
			path = Presentation;
			sourceTree = "<group>";
		};
		D849308D2829FC8B002DDFD2 /* UI */ = {
			isa = PBXGroup;
			children = (
				D849308F2829FCAC002DDFD2 /* View */,
				D84930902829FCB3002DDFD2 /* ViewModel */,
			);
			path = UI;
			sourceTree = "<group>";
		};
		D849308E2829FC91002DDFD2 /* App */ = {
			isa = PBXGroup;
			children = (
				D849305D2829841A002DDFD2 /* RestroomMapApp.swift */,
			);
			path = App;
			sourceTree = "<group>";
		};
		D849308F2829FCAC002DDFD2 /* View */ = {
			isa = PBXGroup;
			children = (
				D849305F2829841A002DDFD2 /* ContentView.swift */,
			);
			path = View;
			sourceTree = "<group>";
		};
		D84930902829FCB3002DDFD2 /* ViewModel */ = {
			isa = PBXGroup;
			children = (
			);
			path = ViewModel;
			sourceTree = "<group>";
		};
		D84930912829FCCC002DDFD2 /* Controller */ = {
			isa = PBXGroup;
			children = (
			);
			path = Controller;
			sourceTree = "<group>";
		};
		D84930922829FCDC002DDFD2 /* Model */ = {
			isa = PBXGroup;
			children = (
			);
			path = Model;
			sourceTree = "<group>";
		};
		D84930932829FCE2002DDFD2 /* UseCase */ = {
			isa = PBXGroup;
			children = (
			);
			path = UseCase;
			sourceTree = "<group>";
		};
		D84930942829FCE9002DDFD2 /* Repository */ = {
			isa = PBXGroup;
			children = (
			);
			path = Repository;
			sourceTree = "<group>";
		};
		D84930952829FD47002DDFD2 /* Application */ = {
			isa = PBXGroup;
			children = (
				D849308E2829FC91002DDFD2 /* App */,
				D84930962829FD5A002DDFD2 /* Builder */,
			);
			path = Application;
			sourceTree = "<group>";
		};
		D84930962829FD5A002DDFD2 /* Builder */ = {
			isa = PBXGroup;
			children = (
			);
			path = Builder;
			sourceTree = "<group>";
		};
		D84930972829FD6D002DDFD2 /* Presenter */ = {
			isa = PBXGroup;
			children = (
			);
			path = Presenter;
			sourceTree = "<group>";
		};
		D84930982829FD83002DDFD2 /* Translator */ = {
			isa = PBXGroup;
			children = (
			);
			path = Translator;
			sourceTree = "<group>";
		};
		D84930992829FDC1002DDFD2 /* SupportFiles */ = {
			isa = PBXGroup;
			children = (
			);
			path = SupportFiles;
			sourceTree = "<group>";
		};
		D849309A2829FDF4002DDFD2 /* Domain */ = {
			isa = PBXGroup;
			children = (
				D849309B2829FDFA002DDFD2 /* Translator */,
				D849309C2829FE04002DDFD2 /* UseCase */,
			);
			path = Domain;
			sourceTree = "<group>";
		};
		D849309B2829FDFA002DDFD2 /* Translator */ = {
			isa = PBXGroup;
			children = (
			);
			path = Translator;
			sourceTree = "<group>";
		};
		D849309C2829FE04002DDFD2 /* UseCase */ = {
			isa = PBXGroup;
			children = (
			);
			path = UseCase;
			sourceTree = "<group>";
		};
		D849309D2829FE12002DDFD2 /* Data */ = {
			isa = PBXGroup;
			children = (
			);
			path = Data;
			sourceTree = "<group>";
		};
/* End PBXGroup section */

/* Begin PBXNativeTarget section */
		D84930592829841A002DDFD2 /* RestroomMap */ = {
			isa = PBXNativeTarget;
			buildConfigurationList = D849307E2829841B002DDFD2 /* Build configuration list for PBXNativeTarget "RestroomMap" */;
			buildPhases = (
				D84930562829841A002DDFD2 /* Sources */,
				D84930A8282A113F002DDFD2 /* ShellScript */,
				D84930572829841A002DDFD2 /* Frameworks */,
				D84930582829841A002DDFD2 /* Resources */,
			);
			buildRules = (
			);
			dependencies = (
			);
			name = RestroomMap;
			productName = RestroomMap;
			productReference = D849305A2829841A002DDFD2 /* RestroomMap.app */;
			productType = "com.apple.product-type.application";
		};
		D84930692829841B002DDFD2 /* RestroomMapTests */ = {
			isa = PBXNativeTarget;
			buildConfigurationList = D84930812829841B002DDFD2 /* Build configuration list for PBXNativeTarget "RestroomMapTests" */;
			buildPhases = (
				D84930662829841B002DDFD2 /* Sources */,
				D84930672829841B002DDFD2 /* Frameworks */,
				D84930682829841B002DDFD2 /* Resources */,
			);
			buildRules = (
			);
			dependencies = (
				D849306C2829841B002DDFD2 /* PBXTargetDependency */,
			);
			name = RestroomMapTests;
			productName = RestroomMapTests;
			productReference = D849306A2829841B002DDFD2 /* RestroomMapTests.xctest */;
			productType = "com.apple.product-type.bundle.unit-test";
		};
		D84930732829841B002DDFD2 /* RestroomMapUITests */ = {
			isa = PBXNativeTarget;
			buildConfigurationList = D84930842829841B002DDFD2 /* Build configuration list for PBXNativeTarget "RestroomMapUITests" */;
			buildPhases = (
				D84930702829841B002DDFD2 /* Sources */,
				D84930712829841B002DDFD2 /* Frameworks */,
				D84930722829841B002DDFD2 /* Resources */,
			);
			buildRules = (
			);
			dependencies = (
				D84930762829841B002DDFD2 /* PBXTargetDependency */,
			);
			name = RestroomMapUITests;
			productName = RestroomMapUITests;
			productReference = D84930742829841B002DDFD2 /* RestroomMapUITests.xctest */;
			productType = "com.apple.product-type.bundle.ui-testing";
		};
/* End PBXNativeTarget section */

/* Begin PBXProject section */
		D84930522829841A002DDFD2 /* Project object */ = {
			isa = PBXProject;
			attributes = {
				BuildIndependentTargetsInParallel = 1;
				LastSwiftUpdateCheck = 1330;
				LastUpgradeCheck = 1330;
				TargetAttributes = {
					D84930592829841A002DDFD2 = {
						CreatedOnToolsVersion = 13.3.1;
					};
					D84930692829841B002DDFD2 = {
						CreatedOnToolsVersion = 13.3.1;
						TestTargetID = D84930592829841A002DDFD2;
					};
					D84930732829841B002DDFD2 = {
						CreatedOnToolsVersion = 13.3.1;
						TestTargetID = D84930592829841A002DDFD2;
					};
				};
			};
			buildConfigurationList = D84930552829841A002DDFD2 /* Build configuration list for PBXProject "RestroomMap" */;
			compatibilityVersion = "Xcode 13.0";
			developmentRegion = en;
			hasScannedForEncodings = 0;
			knownRegions = (
				en,
				Base,
			);
			mainGroup = D84930512829841A002DDFD2;
			productRefGroup = D849305B2829841A002DDFD2 /* Products */;
			projectDirPath = "";
			projectRoot = "";
			targets = (
				D84930592829841A002DDFD2 /* RestroomMap */,
				D84930692829841B002DDFD2 /* RestroomMapTests */,
				D84930732829841B002DDFD2 /* RestroomMapUITests */,
			);
		};
/* End PBXProject section */

/* Begin PBXResourcesBuildPhase section */
		D84930582829841A002DDFD2 /* Resources */ = {
			isa = PBXResourcesBuildPhase;
			buildActionMask = 2147483647;
			files = (
				D84930652829841B002DDFD2 /* Preview Assets.xcassets in Resources */,
				D84930622829841B002DDFD2 /* Assets.xcassets in Resources */,
			);
			runOnlyForDeploymentPostprocessing = 0;
		};
		D84930682829841B002DDFD2 /* Resources */ = {
			isa = PBXResourcesBuildPhase;
			buildActionMask = 2147483647;
			files = (
			);
			runOnlyForDeploymentPostprocessing = 0;
		};
		D84930722829841B002DDFD2 /* Resources */ = {
			isa = PBXResourcesBuildPhase;
			buildActionMask = 2147483647;
			files = (
			);
			runOnlyForDeploymentPostprocessing = 0;
		};
/* End PBXResourcesBuildPhase section */

/* Begin PBXShellScriptBuildPhase section */
		D84930A8282A113F002DDFD2 /* ShellScript */ = {
			isa = PBXShellScriptBuildPhase;
			buildActionMask = 2147483647;
			files = (
			);
			inputFileListPaths = (
			);
			inputPaths = (
			);
			outputFileListPaths = (
			);
			outputPaths = (
			);
			runOnlyForDeploymentPostprocessing = 0;
			shellPath = /bin/sh;
			shellScript = "# Type a script or drag a script file from your workspace to insert its path.\ncd BuildTools\n #SDKROOT=macosx\n SDKROOT=(xcrun --sdk macosx --show-sdk-path)\n \n # Uncomment this line temporarily to update the version used to the latest matching your BuildTools/Package.swift file\n # swift package update\n \n cp \"${SRCROOT}/.swiftlint.yml\" ./\n swift run -c release swiftlint\n rm .swiftlint.yml\n";
		};
/* End PBXShellScriptBuildPhase section */

/* Begin PBXSourcesBuildPhase section */
		D84930562829841A002DDFD2 /* Sources */ = {
			isa = PBXSourcesBuildPhase;
			buildActionMask = 2147483647;
			files = (
				D84930602829841A002DDFD2 /* ContentView.swift in Sources */,
				D849305E2829841A002DDFD2 /* RestroomMapApp.swift in Sources */,
			);
			runOnlyForDeploymentPostprocessing = 0;
		};
		D84930662829841B002DDFD2 /* Sources */ = {
			isa = PBXSourcesBuildPhase;
			buildActionMask = 2147483647;
			files = (
				D849306F2829841B002DDFD2 /* RestroomMapTests.swift in Sources */,
			);
			runOnlyForDeploymentPostprocessing = 0;
		};
		D84930702829841B002DDFD2 /* Sources */ = {
			isa = PBXSourcesBuildPhase;
			buildActionMask = 2147483647;
			files = (
				D849307B2829841B002DDFD2 /* RestroomMapUITestsLaunchTests.swift in Sources */,
				D84930792829841B002DDFD2 /* RestroomMapUITests.swift in Sources */,
			);
			runOnlyForDeploymentPostprocessing = 0;
		};
/* End PBXSourcesBuildPhase section */

/* Begin PBXTargetDependency section */
		D849306C2829841B002DDFD2 /* PBXTargetDependency */ = {
			isa = PBXTargetDependency;
			target = D84930592829841A002DDFD2 /* RestroomMap */;
			targetProxy = D849306B2829841B002DDFD2 /* PBXContainerItemProxy */;
		};
		D84930762829841B002DDFD2 /* PBXTargetDependency */ = {
			isa = PBXTargetDependency;
			target = D84930592829841A002DDFD2 /* RestroomMap */;
			targetProxy = D84930752829841B002DDFD2 /* PBXContainerItemProxy */;
		};
/* End PBXTargetDependency section */

/* Begin XCBuildConfiguration section */
		D849307C2829841B002DDFD2 /* Debug */ = {
			isa = XCBuildConfiguration;
			buildSettings = {
				ALWAYS_SEARCH_USER_PATHS = NO;
				CLANG_ANALYZER_NONNULL = YES;
				CLANG_ANALYZER_NUMBER_OBJECT_CONVERSION = YES_AGGRESSIVE;
				CLANG_CXX_LANGUAGE_STANDARD = "gnu++17";
				CLANG_ENABLE_MODULES = YES;
				CLANG_ENABLE_OBJC_ARC = YES;
				CLANG_ENABLE_OBJC_WEAK = YES;
				CLANG_WARN_BLOCK_CAPTURE_AUTORELEASING = YES;
				CLANG_WARN_BOOL_CONVERSION = YES;
				CLANG_WARN_COMMA = YES;
				CLANG_WARN_CONSTANT_CONVERSION = YES;
				CLANG_WARN_DEPRECATED_OBJC_IMPLEMENTATIONS = YES;
				CLANG_WARN_DIRECT_OBJC_ISA_USAGE = YES_ERROR;
				CLANG_WARN_DOCUMENTATION_COMMENTS = YES;
				CLANG_WARN_EMPTY_BODY = YES;
				CLANG_WARN_ENUM_CONVERSION = YES;
				CLANG_WARN_INFINITE_RECURSION = YES;
				CLANG_WARN_INT_CONVERSION = YES;
				CLANG_WARN_NON_LITERAL_NULL_CONVERSION = YES;
				CLANG_WARN_OBJC_IMPLICIT_RETAIN_SELF = YES;
				CLANG_WARN_OBJC_LITERAL_CONVERSION = YES;
				CLANG_WARN_OBJC_ROOT_CLASS = YES_ERROR;
				CLANG_WARN_QUOTED_INCLUDE_IN_FRAMEWORK_HEADER = YES;
				CLANG_WARN_RANGE_LOOP_ANALYSIS = YES;
				CLANG_WARN_STRICT_PROTOTYPES = YES;
				CLANG_WARN_SUSPICIOUS_MOVE = YES;
				CLANG_WARN_UNGUARDED_AVAILABILITY = YES_AGGRESSIVE;
				CLANG_WARN_UNREACHABLE_CODE = YES;
				CLANG_WARN__DUPLICATE_METHOD_MATCH = YES;
				COPY_PHASE_STRIP = NO;
				DEBUG_INFORMATION_FORMAT = dwarf;
				ENABLE_STRICT_OBJC_MSGSEND = YES;
				ENABLE_TESTABILITY = YES;
				GCC_C_LANGUAGE_STANDARD = gnu11;
				GCC_DYNAMIC_NO_PIC = NO;
				GCC_NO_COMMON_BLOCKS = YES;
				GCC_OPTIMIZATION_LEVEL = 0;
				GCC_PREPROCESSOR_DEFINITIONS = (
					"DEBUG=1",
					"$(inherited)",
				);
				GCC_WARN_64_TO_32_BIT_CONVERSION = YES;
				GCC_WARN_ABOUT_RETURN_TYPE = YES_ERROR;
				GCC_WARN_UNDECLARED_SELECTOR = YES;
				GCC_WARN_UNINITIALIZED_AUTOS = YES_AGGRESSIVE;
				GCC_WARN_UNUSED_FUNCTION = YES;
				GCC_WARN_UNUSED_VARIABLE = YES;
				IPHONEOS_DEPLOYMENT_TARGET = 15.4;
				MTL_ENABLE_DEBUG_INFO = INCLUDE_SOURCE;
				MTL_FAST_MATH = YES;
				ONLY_ACTIVE_ARCH = YES;
				SDKROOT = iphoneos;
				SWIFT_ACTIVE_COMPILATION_CONDITIONS = DEBUG;
				SWIFT_OPTIMIZATION_LEVEL = "-Onone";
			};
			name = Debug;
		};
		D849307D2829841B002DDFD2 /* Release */ = {
			isa = XCBuildConfiguration;
			buildSettings = {
				ALWAYS_SEARCH_USER_PATHS = NO;
				CLANG_ANALYZER_NONNULL = YES;
				CLANG_ANALYZER_NUMBER_OBJECT_CONVERSION = YES_AGGRESSIVE;
				CLANG_CXX_LANGUAGE_STANDARD = "gnu++17";
				CLANG_ENABLE_MODULES = YES;
				CLANG_ENABLE_OBJC_ARC = YES;
				CLANG_ENABLE_OBJC_WEAK = YES;
				CLANG_WARN_BLOCK_CAPTURE_AUTORELEASING = YES;
				CLANG_WARN_BOOL_CONVERSION = YES;
				CLANG_WARN_COMMA = YES;
				CLANG_WARN_CONSTANT_CONVERSION = YES;
				CLANG_WARN_DEPRECATED_OBJC_IMPLEMENTATIONS = YES;
				CLANG_WARN_DIRECT_OBJC_ISA_USAGE = YES_ERROR;
				CLANG_WARN_DOCUMENTATION_COMMENTS = YES;
				CLANG_WARN_EMPTY_BODY = YES;
				CLANG_WARN_ENUM_CONVERSION = YES;
				CLANG_WARN_INFINITE_RECURSION = YES;
				CLANG_WARN_INT_CONVERSION = YES;
				CLANG_WARN_NON_LITERAL_NULL_CONVERSION = YES;
				CLANG_WARN_OBJC_IMPLICIT_RETAIN_SELF = YES;
				CLANG_WARN_OBJC_LITERAL_CONVERSION = YES;
				CLANG_WARN_OBJC_ROOT_CLASS = YES_ERROR;
				CLANG_WARN_QUOTED_INCLUDE_IN_FRAMEWORK_HEADER = YES;
				CLANG_WARN_RANGE_LOOP_ANALYSIS = YES;
				CLANG_WARN_STRICT_PROTOTYPES = YES;
				CLANG_WARN_SUSPICIOUS_MOVE = YES;
				CLANG_WARN_UNGUARDED_AVAILABILITY = YES_AGGRESSIVE;
				CLANG_WARN_UNREACHABLE_CODE = YES;
				CLANG_WARN__DUPLICATE_METHOD_MATCH = YES;
				COPY_PHASE_STRIP = NO;
				DEBUG_INFORMATION_FORMAT = "dwarf-with-dsym";
				ENABLE_NS_ASSERTIONS = NO;
				ENABLE_STRICT_OBJC_MSGSEND = YES;
				GCC_C_LANGUAGE_STANDARD = gnu11;
				GCC_NO_COMMON_BLOCKS = YES;
				GCC_WARN_64_TO_32_BIT_CONVERSION = YES;
				GCC_WARN_ABOUT_RETURN_TYPE = YES_ERROR;
				GCC_WARN_UNDECLARED_SELECTOR = YES;
				GCC_WARN_UNINITIALIZED_AUTOS = YES_AGGRESSIVE;
				GCC_WARN_UNUSED_FUNCTION = YES;
				GCC_WARN_UNUSED_VARIABLE = YES;
				IPHONEOS_DEPLOYMENT_TARGET = 15.4;
				MTL_ENABLE_DEBUG_INFO = NO;
				MTL_FAST_MATH = YES;
				SDKROOT = iphoneos;
				SWIFT_COMPILATION_MODE = wholemodule;
				SWIFT_OPTIMIZATION_LEVEL = "-O";
				VALIDATE_PRODUCT = YES;
			};
			name = Release;
		};
		D849307F2829841B002DDFD2 /* Debug */ = {
			isa = XCBuildConfiguration;
			buildSettings = {
				ASSETCATALOG_COMPILER_APPICON_NAME = AppIcon;
				ASSETCATALOG_COMPILER_GLOBAL_ACCENT_COLOR_NAME = AccentColor;
				CODE_SIGN_STYLE = Automatic;
				CURRENT_PROJECT_VERSION = 1;
				DEVELOPMENT_ASSET_PATHS = "\"RestroomMap/Preview Content\"";
				DEVELOPMENT_TEAM = ZXZ96723Y7;
				ENABLE_PREVIEWS = YES;
				GENERATE_INFOPLIST_FILE = YES;
				INFOPLIST_KEY_UIApplicationSceneManifest_Generation = YES;
				INFOPLIST_KEY_UIApplicationSupportsIndirectInputEvents = YES;
				INFOPLIST_KEY_UILaunchScreen_Generation = YES;
				INFOPLIST_KEY_UISupportedInterfaceOrientations = UIInterfaceOrientationPortrait;
				INFOPLIST_KEY_UISupportedInterfaceOrientations_iPad = "UIInterfaceOrientationPortrait UIInterfaceOrientationPortraitUpsideDown UIInterfaceOrientationLandscapeLeft UIInterfaceOrientationLandscapeRight";
				INFOPLIST_KEY_UISupportedInterfaceOrientations_iPhone = "UIInterfaceOrientationPortrait UIInterfaceOrientationLandscapeLeft UIInterfaceOrientationLandscapeRight";
				IPHONEOS_DEPLOYMENT_TARGET = 15.0;
				LD_RUNPATH_SEARCH_PATHS = (
					"$(inherited)",
					"@executable_path/Frameworks",
				);
				MARKETING_VERSION = 1.0;
				PRODUCT_BUNDLE_IDENTIFIER = com.ken.RestroomMap;
				PRODUCT_NAME = "$(TARGET_NAME)";
				SWIFT_EMIT_LOC_STRINGS = YES;
				SWIFT_VERSION = 5.0;
				TARGETED_DEVICE_FAMILY = 1;
			};
			name = Debug;
		};
		D84930802829841B002DDFD2 /* Release */ = {
			isa = XCBuildConfiguration;
			buildSettings = {
				ASSETCATALOG_COMPILER_APPICON_NAME = AppIcon;
				ASSETCATALOG_COMPILER_GLOBAL_ACCENT_COLOR_NAME = AccentColor;
				CODE_SIGN_STYLE = Automatic;
				CURRENT_PROJECT_VERSION = 1;
				DEVELOPMENT_ASSET_PATHS = "\"RestroomMap/Preview Content\"";
				DEVELOPMENT_TEAM = ZXZ96723Y7;
				ENABLE_PREVIEWS = YES;
				GENERATE_INFOPLIST_FILE = YES;
				INFOPLIST_KEY_UIApplicationSceneManifest_Generation = YES;
				INFOPLIST_KEY_UIApplicationSupportsIndirectInputEvents = YES;
				INFOPLIST_KEY_UILaunchScreen_Generation = YES;
				INFOPLIST_KEY_UISupportedInterfaceOrientations = UIInterfaceOrientationPortrait;
				INFOPLIST_KEY_UISupportedInterfaceOrientations_iPad = "UIInterfaceOrientationPortrait UIInterfaceOrientationPortraitUpsideDown UIInterfaceOrientationLandscapeLeft UIInterfaceOrientationLandscapeRight";
				INFOPLIST_KEY_UISupportedInterfaceOrientations_iPhone = "UIInterfaceOrientationPortrait UIInterfaceOrientationLandscapeLeft UIInterfaceOrientationLandscapeRight";
				IPHONEOS_DEPLOYMENT_TARGET = 15.0;
				LD_RUNPATH_SEARCH_PATHS = (
					"$(inherited)",
					"@executable_path/Frameworks",
				);
				MARKETING_VERSION = 1.0;
				PRODUCT_BUNDLE_IDENTIFIER = com.ken.RestroomMap;
				PRODUCT_NAME = "$(TARGET_NAME)";
				SWIFT_EMIT_LOC_STRINGS = YES;
				SWIFT_VERSION = 5.0;
				TARGETED_DEVICE_FAMILY = 1;
			};
			name = Release;
		};
		D84930822829841B002DDFD2 /* Debug */ = {
			isa = XCBuildConfiguration;
			buildSettings = {
				ALWAYS_EMBED_SWIFT_STANDARD_LIBRARIES = YES;
				BUNDLE_LOADER = "$(TEST_HOST)";
				CODE_SIGN_STYLE = Automatic;
				CURRENT_PROJECT_VERSION = 1;
				DEVELOPMENT_TEAM = ZXZ96723Y7;
				GENERATE_INFOPLIST_FILE = YES;
				IPHONEOS_DEPLOYMENT_TARGET = 15.4;
				MARKETING_VERSION = 1.0;
				PRODUCT_BUNDLE_IDENTIFIER = com.ken.RestroomMapTests;
				PRODUCT_NAME = "$(TARGET_NAME)";
				SWIFT_EMIT_LOC_STRINGS = NO;
				SWIFT_VERSION = 5.0;
				TARGETED_DEVICE_FAMILY = "1,2";
				TEST_HOST = "$(BUILT_PRODUCTS_DIR)/RestroomMap.app/RestroomMap";
			};
			name = Debug;
		};
		D84930832829841B002DDFD2 /* Release */ = {
			isa = XCBuildConfiguration;
			buildSettings = {
				ALWAYS_EMBED_SWIFT_STANDARD_LIBRARIES = YES;
				BUNDLE_LOADER = "$(TEST_HOST)";
				CODE_SIGN_STYLE = Automatic;
				CURRENT_PROJECT_VERSION = 1;
				DEVELOPMENT_TEAM = ZXZ96723Y7;
				GENERATE_INFOPLIST_FILE = YES;
				IPHONEOS_DEPLOYMENT_TARGET = 15.4;
				MARKETING_VERSION = 1.0;
				PRODUCT_BUNDLE_IDENTIFIER = com.ken.RestroomMapTests;
				PRODUCT_NAME = "$(TARGET_NAME)";
				SWIFT_EMIT_LOC_STRINGS = NO;
				SWIFT_VERSION = 5.0;
				TARGETED_DEVICE_FAMILY = "1,2";
				TEST_HOST = "$(BUILT_PRODUCTS_DIR)/RestroomMap.app/RestroomMap";
			};
			name = Release;
		};
		D84930852829841B002DDFD2 /* Debug */ = {
			isa = XCBuildConfiguration;
			buildSettings = {
				ALWAYS_EMBED_SWIFT_STANDARD_LIBRARIES = YES;
				CODE_SIGN_STYLE = Automatic;
				CURRENT_PROJECT_VERSION = 1;
				DEVELOPMENT_TEAM = ZXZ96723Y7;
				GENERATE_INFOPLIST_FILE = YES;
				MARKETING_VERSION = 1.0;
				PRODUCT_BUNDLE_IDENTIFIER = com.ken.RestroomMapUITests;
				PRODUCT_NAME = "$(TARGET_NAME)";
				SWIFT_EMIT_LOC_STRINGS = NO;
				SWIFT_VERSION = 5.0;
				TARGETED_DEVICE_FAMILY = "1,2";
				TEST_TARGET_NAME = RestroomMap;
			};
			name = Debug;
		};
		D84930862829841B002DDFD2 /* Release */ = {
			isa = XCBuildConfiguration;
			buildSettings = {
				ALWAYS_EMBED_SWIFT_STANDARD_LIBRARIES = YES;
				CODE_SIGN_STYLE = Automatic;
				CURRENT_PROJECT_VERSION = 1;
				DEVELOPMENT_TEAM = ZXZ96723Y7;
				GENERATE_INFOPLIST_FILE = YES;
				MARKETING_VERSION = 1.0;
				PRODUCT_BUNDLE_IDENTIFIER = com.ken.RestroomMapUITests;
				PRODUCT_NAME = "$(TARGET_NAME)";
				SWIFT_EMIT_LOC_STRINGS = NO;
				SWIFT_VERSION = 5.0;
				TARGETED_DEVICE_FAMILY = "1,2";
				TEST_TARGET_NAME = RestroomMap;
			};
			name = Release;
		};
/* End XCBuildConfiguration section */

/* Begin XCConfigurationList section */
		D84930552829841A002DDFD2 /* Build configuration list for PBXProject "RestroomMap" */ = {
			isa = XCConfigurationList;
			buildConfigurations = (
				D849307C2829841B002DDFD2 /* Debug */,
				D849307D2829841B002DDFD2 /* Release */,
			);
			defaultConfigurationIsVisible = 0;
			defaultConfigurationName = Release;
		};
		D849307E2829841B002DDFD2 /* Build configuration list for PBXNativeTarget "RestroomMap" */ = {
			isa = XCConfigurationList;
			buildConfigurations = (
				D849307F2829841B002DDFD2 /* Debug */,
				D84930802829841B002DDFD2 /* Release */,
			);
			defaultConfigurationIsVisible = 0;
			defaultConfigurationName = Release;
		};
		D84930812829841B002DDFD2 /* Build configuration list for PBXNativeTarget "RestroomMapTests" */ = {
			isa = XCConfigurationList;
			buildConfigurations = (
				D84930822829841B002DDFD2 /* Debug */,
				D84930832829841B002DDFD2 /* Release */,
			);
			defaultConfigurationIsVisible = 0;
			defaultConfigurationName = Release;
		};
		D84930842829841B002DDFD2 /* Build configuration list for PBXNativeTarget "RestroomMapUITests" */ = {
			isa = XCConfigurationList;
			buildConfigurations = (
				D84930852829841B002DDFD2 /* Debug */,
				D84930862829841B002DDFD2 /* Release */,
			);
			defaultConfigurationIsVisible = 0;
			defaultConfigurationName = Release;
		};
/* End XCConfigurationList section */
	};
	rootObject = D84930522829841A002DDFD2 /* Project object */;
}
