// !$*UTF8*$!
{
	archiveVersion = 1;
	classes = {
	};
	objectVersion = 55;
	objects = {

/* Begin PBXBuildFile section */
		D811B099284B104F000CA523 /* ShareUseCaseTests.swift in Sources */ = {isa = PBXBuildFile; fileRef = D811B098284B104F000CA523 /* ShareUseCaseTests.swift */; };
		D811B09B284B1FE7000CA523 /* MapUseCaseTests.swift in Sources */ = {isa = PBXBuildFile; fileRef = D811B09A284B1FE7000CA523 /* MapUseCaseTests.swift */; };
		D811B09F284B2748000CA523 /* LocatePermissionDataStoreTests.swift in Sources */ = {isa = PBXBuildFile; fileRef = D811B09E284B2748000CA523 /* LocatePermissionDataStoreTests.swift */; };
		D811B0A1284B2937000CA523 /* UserDataStoreTests.swift in Sources */ = {isa = PBXBuildFile; fileRef = D811B0A0284B2937000CA523 /* UserDataStoreTests.swift */; };
		D8176FEE2841D3E700C674EA /* LocatePermissionPresenterTest.swift in Sources */ = {isa = PBXBuildFile; fileRef = D8176FED2841D3E700C674EA /* LocatePermissionPresenterTest.swift */; };
		D8176FF02841D65100C674EA /* MapPresenterTests.swift in Sources */ = {isa = PBXBuildFile; fileRef = D8176FEF2841D65100C674EA /* MapPresenterTests.swift */; };
		D8176FF22841D92A00C674EA /* TestConst.swift in Sources */ = {isa = PBXBuildFile; fileRef = D8176FF12841D92A00C674EA /* TestConst.swift */; };
		D8176FF42841DA2700C674EA /* MenuPresenterTests.swift in Sources */ = {isa = PBXBuildFile; fileRef = D8176FF32841DA2700C674EA /* MenuPresenterTests.swift */; };
		D8176FF62841E3C500C674EA /* ATTPermissionView.swift in Sources */ = {isa = PBXBuildFile; fileRef = D8176FF52841E3C500C674EA /* ATTPermissionView.swift */; };
		D81FC003284A102900C2CBEF /* IndicatorUseCase.swift in Sources */ = {isa = PBXBuildFile; fileRef = D8AF8C1B2846519400533CC7 /* IndicatorUseCase.swift */; };
		D81FC004284A107C00C2CBEF /* RootViewModel.swift in Sources */ = {isa = PBXBuildFile; fileRef = D8AF8C1D284654EC00533CC7 /* RootViewModel.swift */; };
		D81FC005284A109C00C2CBEF /* MapView.swift in Sources */ = {isa = PBXBuildFile; fileRef = D849305F2829841A002DDFD2 /* MapView.swift */; };
		D81FC006284A10AD00C2CBEF /* IndicatorView.swift in Sources */ = {isa = PBXBuildFile; fileRef = D8AF8C192846347500533CC7 /* IndicatorView.swift */; };
		D81FC007284A10C300C2CBEF /* ActivityIndicatorView.swift in Sources */ = {isa = PBXBuildFile; fileRef = D8AF8C1628462D6600533CC7 /* ActivityIndicatorView.swift */; };
		D81FC009284A4C7400C2CBEF /* ATTPermissionPresenterTests.swift in Sources */ = {isa = PBXBuildFile; fileRef = D81FC008284A4C7300C2CBEF /* ATTPermissionPresenterTests.swift */; };
		D81FC00F284A512600C2CBEF /* RootViewModelTests.swift in Sources */ = {isa = PBXBuildFile; fileRef = D81FC00E284A512600C2CBEF /* RootViewModelTests.swift */; };
		D81FC011284A534400C2CBEF /* UserUseCaseTests.swift in Sources */ = {isa = PBXBuildFile; fileRef = D81FC010284A534400C2CBEF /* UserUseCaseTests.swift */; };
		D824610F2857893B004AC989 /* ATTPermissionUseCaseTests.swift in Sources */ = {isa = PBXBuildFile; fileRef = D824610E2857893B004AC989 /* ATTPermissionUseCaseTests.swift */; };
		D836061F282D023400CDD7F0 /* AppDelegate.swift in Sources */ = {isa = PBXBuildFile; fileRef = D836061E282D023400CDD7F0 /* AppDelegate.swift */; };
		D8360622282EAA9100CDD7F0 /* MapToolBarButtonView.swift in Sources */ = {isa = PBXBuildFile; fileRef = D8360621282EAA9100CDD7F0 /* MapToolBarButtonView.swift */; };
		D8360624282EB72D00CDD7F0 /* MenuView.swift in Sources */ = {isa = PBXBuildFile; fileRef = D8360623282EB72D00CDD7F0 /* MenuView.swift */; };
		D838A7992833248000047D52 /* LocatePermissionViewModel.swift in Sources */ = {isa = PBXBuildFile; fileRef = D838A7982833248000047D52 /* LocatePermissionViewModel.swift */; };
		D838A79B2833249500047D52 /* LocatePermissionPresenter.swift in Sources */ = {isa = PBXBuildFile; fileRef = D838A79A2833249500047D52 /* LocatePermissionPresenter.swift */; };
		D838A79C2833249500047D52 /* LocatePermissionPresenter.swift in Sources */ = {isa = PBXBuildFile; fileRef = D838A79A2833249500047D52 /* LocatePermissionPresenter.swift */; };
		D838A79E2833249D00047D52 /* LocatePermissionController.swift in Sources */ = {isa = PBXBuildFile; fileRef = D838A79D2833249D00047D52 /* LocatePermissionController.swift */; };
		D838A79F2833249D00047D52 /* LocatePermissionController.swift in Sources */ = {isa = PBXBuildFile; fileRef = D838A79D2833249D00047D52 /* LocatePermissionController.swift */; };
		D838A7A1283324B600047D52 /* LocatePermissionRepository.swift in Sources */ = {isa = PBXBuildFile; fileRef = D838A7A0283324B600047D52 /* LocatePermissionRepository.swift */; };
		D838A7A2283324B600047D52 /* LocatePermissionRepository.swift in Sources */ = {isa = PBXBuildFile; fileRef = D838A7A0283324B600047D52 /* LocatePermissionRepository.swift */; };
		D838A7A4283324C200047D52 /* LocatePermissionUseCase.swift in Sources */ = {isa = PBXBuildFile; fileRef = D838A7A3283324C200047D52 /* LocatePermissionUseCase.swift */; };
		D838A7A5283324C200047D52 /* LocatePermissionUseCase.swift in Sources */ = {isa = PBXBuildFile; fileRef = D838A7A3283324C200047D52 /* LocatePermissionUseCase.swift */; };
		D838A7A7283324CF00047D52 /* LocatePermissionDataStore.swift in Sources */ = {isa = PBXBuildFile; fileRef = D838A7A6283324CF00047D52 /* LocatePermissionDataStore.swift */; };
		D838A7A8283324CF00047D52 /* LocatePermissionDataStore.swift in Sources */ = {isa = PBXBuildFile; fileRef = D838A7A6283324CF00047D52 /* LocatePermissionDataStore.swift */; };
		D838A7AA283324DD00047D52 /* AuthorizationStatusEntity.swift in Sources */ = {isa = PBXBuildFile; fileRef = D838A7A9283324DD00047D52 /* AuthorizationStatusEntity.swift */; };
		D838A7AB283324DD00047D52 /* AuthorizationStatusEntity.swift in Sources */ = {isa = PBXBuildFile; fileRef = D838A7A9283324DD00047D52 /* AuthorizationStatusEntity.swift */; };
		D838A7AD2833251000047D52 /* LocatePermissionViewBuilder.swift in Sources */ = {isa = PBXBuildFile; fileRef = D838A7AC2833251000047D52 /* LocatePermissionViewBuilder.swift */; };
		D838A7AE2833251000047D52 /* LocatePermissionViewBuilder.swift in Sources */ = {isa = PBXBuildFile; fileRef = D838A7AC2833251000047D52 /* LocatePermissionViewBuilder.swift */; };
		D84188B92855FC9A00CD2AFE /* ATTPermissionPresenter.swift in Sources */ = {isa = PBXBuildFile; fileRef = D84188B82855FC9A00CD2AFE /* ATTPermissionPresenter.swift */; };
		D84188BA2855FC9A00CD2AFE /* ATTPermissionPresenter.swift in Sources */ = {isa = PBXBuildFile; fileRef = D84188B82855FC9A00CD2AFE /* ATTPermissionPresenter.swift */; };
		D84188BD285634F100CD2AFE /* ApplicationBuilderTests.swift in Sources */ = {isa = PBXBuildFile; fileRef = D84188BC285634F100CD2AFE /* ApplicationBuilderTests.swift */; };
		D84188BE285634FA00CD2AFE /* ApplicationBuilder.swift in Sources */ = {isa = PBXBuildFile; fileRef = D8E700332842F02A0046B391 /* ApplicationBuilder.swift */; };
		D84188BF285635AF00CD2AFE /* AppDelegateController.swift in Sources */ = {isa = PBXBuildFile; fileRef = D8E700312842E20B0046B391 /* AppDelegateController.swift */; };
		D84188C12856AB4C00CD2AFE /* ATTPermissionViewBuilderTests.swift in Sources */ = {isa = PBXBuildFile; fileRef = D84188C02856AB4C00CD2AFE /* ATTPermissionViewBuilderTests.swift */; };
		D84188C32856AB5900CD2AFE /* LocatePermissionViewBuilderTests.swift in Sources */ = {isa = PBXBuildFile; fileRef = D84188C22856AB5900CD2AFE /* LocatePermissionViewBuilderTests.swift */; };
		D84188C52856AB6C00CD2AFE /* MapViewBuilderTests.swift in Sources */ = {isa = PBXBuildFile; fileRef = D84188C42856AB6C00CD2AFE /* MapViewBuilderTests.swift */; };
		D84188C72856AB7A00CD2AFE /* MenuViewBuilderTests.swift in Sources */ = {isa = PBXBuildFile; fileRef = D84188C62856AB7A00CD2AFE /* MenuViewBuilderTests.swift */; };
		D84188CA2856C22B00CD2AFE /* LaunchPresenterTests.swift in Sources */ = {isa = PBXBuildFile; fileRef = D84188C92856C22B00CD2AFE /* LaunchPresenterTests.swift */; };
		D849305E2829841A002DDFD2 /* RestroomMapApp.swift in Sources */ = {isa = PBXBuildFile; fileRef = D849305D2829841A002DDFD2 /* RestroomMapApp.swift */; };
		D84930602829841A002DDFD2 /* MapView.swift in Sources */ = {isa = PBXBuildFile; fileRef = D849305F2829841A002DDFD2 /* MapView.swift */; };
		D84930622829841B002DDFD2 /* Assets.xcassets in Resources */ = {isa = PBXBuildFile; fileRef = D84930612829841B002DDFD2 /* Assets.xcassets */; };
		D84930652829841B002DDFD2 /* Preview Assets.xcassets in Resources */ = {isa = PBXBuildFile; fileRef = D84930642829841B002DDFD2 /* Preview Assets.xcassets */; };
		D84930792829841B002DDFD2 /* RestroomMapUITests.swift in Sources */ = {isa = PBXBuildFile; fileRef = D84930782829841B002DDFD2 /* RestroomMapUITests.swift */; };
		D849307B2829841B002DDFD2 /* RestroomMapUITestsLaunchTests.swift in Sources */ = {isa = PBXBuildFile; fileRef = D849307A2829841B002DDFD2 /* RestroomMapUITestsLaunchTests.swift */; };
		D85B0B6028375C2F00E8062D /* MapRepository.swift in Sources */ = {isa = PBXBuildFile; fileRef = D85B0B5F28375C2F00E8062D /* MapRepository.swift */; };
		D85B0B6228375D6900E8062D /* MapDataStore.swift in Sources */ = {isa = PBXBuildFile; fileRef = D85B0B6128375D6900E8062D /* MapDataStore.swift */; };
		D85B0B64283767F300E8062D /* CurrentLocationModel.swift in Sources */ = {isa = PBXBuildFile; fileRef = D85B0B63283767F300E8062D /* CurrentLocationModel.swift */; };
		D85B0B662837681200E8062D /* CurrentLocationModelTranslator.swift in Sources */ = {isa = PBXBuildFile; fileRef = D85B0B652837681200E8062D /* CurrentLocationModelTranslator.swift */; };
		D85B0B672837684300E8062D /* CurrentLocationModelTranslator.swift in Sources */ = {isa = PBXBuildFile; fileRef = D85B0B652837681200E8062D /* CurrentLocationModelTranslator.swift */; };
		D85B0B692837712900E8062D /* MapDataStoreTests.swift in Sources */ = {isa = PBXBuildFile; fileRef = D85B0B682837712900E8062D /* MapDataStoreTests.swift */; };
		D85B0B6A2837720200E8062D /* MapDataStore.swift in Sources */ = {isa = PBXBuildFile; fileRef = D85B0B6128375D6900E8062D /* MapDataStore.swift */; };
		D85B0B6B2837728100E8062D /* LocatePermissionViewModel.swift in Sources */ = {isa = PBXBuildFile; fileRef = D838A7982833248000047D52 /* LocatePermissionViewModel.swift */; };
		D85B0B6C283772AA00E8062D /* CurrentLocationModel.swift in Sources */ = {isa = PBXBuildFile; fileRef = D85B0B63283767F300E8062D /* CurrentLocationModel.swift */; };
		D85B0B6D283772B400E8062D /* MapRepository.swift in Sources */ = {isa = PBXBuildFile; fileRef = D85B0B5F28375C2F00E8062D /* MapRepository.swift */; };
		D85B0B6F283772C800E8062D /* AddLocationView.swift in Sources */ = {isa = PBXBuildFile; fileRef = D8835FF0282FBC830048A495 /* AddLocationView.swift */; };
		D85B0B70283772CD00E8062D /* MenuView.swift in Sources */ = {isa = PBXBuildFile; fileRef = D8360623282EB72D00CDD7F0 /* MenuView.swift */; };
		D85B0B71283772D800E8062D /* MapFocusView.swift in Sources */ = {isa = PBXBuildFile; fileRef = D8835FEE282FB9250048A495 /* MapFocusView.swift */; };
		D85B0B72283772E100E8062D /* MapFocusButtonView.swift in Sources */ = {isa = PBXBuildFile; fileRef = D8835FEC282FB59C0048A495 /* MapFocusButtonView.swift */; };
		D85B0B73283772E500E8062D /* MapToolBarButtonView.swift in Sources */ = {isa = PBXBuildFile; fileRef = D8360621282EAA9100CDD7F0 /* MapToolBarButtonView.swift */; };
		D85B0B752837743C00E8062D /* CurrentLocationModelTranslatorTests.swift in Sources */ = {isa = PBXBuildFile; fileRef = D85B0B742837743C00E8062D /* CurrentLocationModelTranslatorTests.swift */; };
		D87816852849FDC2009B9FB0 /* ATTPermissionView.swift in Sources */ = {isa = PBXBuildFile; fileRef = D8176FF52841E3C500C674EA /* ATTPermissionView.swift */; };
		D8835FED282FB59C0048A495 /* MapFocusButtonView.swift in Sources */ = {isa = PBXBuildFile; fileRef = D8835FEC282FB59C0048A495 /* MapFocusButtonView.swift */; };
		D8835FEF282FB9260048A495 /* MapFocusView.swift in Sources */ = {isa = PBXBuildFile; fileRef = D8835FEE282FB9250048A495 /* MapFocusView.swift */; };
		D8835FF1282FBC830048A495 /* AddLocationView.swift in Sources */ = {isa = PBXBuildFile; fileRef = D8835FF0282FBC830048A495 /* AddLocationView.swift */; };
		D8835FF3282FBE020048A495 /* MapController.swift in Sources */ = {isa = PBXBuildFile; fileRef = D8835FF2282FBE020048A495 /* MapController.swift */; };
		D8835FF4282FBE020048A495 /* MapController.swift in Sources */ = {isa = PBXBuildFile; fileRef = D8835FF2282FBE020048A495 /* MapController.swift */; };
		D8835FF6282FBE1D0048A495 /* MapViewModel.swift in Sources */ = {isa = PBXBuildFile; fileRef = D8835FF5282FBE1D0048A495 /* MapViewModel.swift */; };
		D8835FF7282FBE1D0048A495 /* MapViewModel.swift in Sources */ = {isa = PBXBuildFile; fileRef = D8835FF5282FBE1D0048A495 /* MapViewModel.swift */; };
		D8835FF9282FBE370048A495 /* MapPresenter.swift in Sources */ = {isa = PBXBuildFile; fileRef = D8835FF8282FBE370048A495 /* MapPresenter.swift */; };
		D8835FFA282FBE370048A495 /* MapPresenter.swift in Sources */ = {isa = PBXBuildFile; fileRef = D8835FF8282FBE370048A495 /* MapPresenter.swift */; };
		D8835FFC282FBE640048A495 /* MapUseCase.swift in Sources */ = {isa = PBXBuildFile; fileRef = D8835FFB282FBE640048A495 /* MapUseCase.swift */; };
		D8835FFD282FBE640048A495 /* MapUseCase.swift in Sources */ = {isa = PBXBuildFile; fileRef = D8835FFB282FBE640048A495 /* MapUseCase.swift */; };
		D8835FFF282FC5800048A495 /* MapViewBuilder.swift in Sources */ = {isa = PBXBuildFile; fileRef = D8835FFE282FC5800048A495 /* MapViewBuilder.swift */; };
		D8836000282FC5800048A495 /* MapViewBuilder.swift in Sources */ = {isa = PBXBuildFile; fileRef = D8835FFE282FC5800048A495 /* MapViewBuilder.swift */; };
		D8836003282FDDB70048A495 /* CoreLocation.framework in Frameworks */ = {isa = PBXBuildFile; fileRef = D8836002282FDDB70048A495 /* CoreLocation.framework */; };
		D88360052830BAC70048A495 /* LocatePermissionView.swift in Sources */ = {isa = PBXBuildFile; fileRef = D88360042830BAC70048A495 /* LocatePermissionView.swift */; };
		D88360062830BAC70048A495 /* LocatePermissionView.swift in Sources */ = {isa = PBXBuildFile; fileRef = D88360042830BAC70048A495 /* LocatePermissionView.swift */; };
		D88360082830BEAC0048A495 /* PermissionButtonView.swift in Sources */ = {isa = PBXBuildFile; fileRef = D88360072830BEAC0048A495 /* PermissionButtonView.swift */; };
		D88360092830BEAC0048A495 /* PermissionButtonView.swift in Sources */ = {isa = PBXBuildFile; fileRef = D88360072830BEAC0048A495 /* PermissionButtonView.swift */; };
		D8895ED22835323C0079C2AA /* UserDataStore.swift in Sources */ = {isa = PBXBuildFile; fileRef = D8895ED12835323C0079C2AA /* UserDataStore.swift */; };
		D8895ED32835323C0079C2AA /* UserDataStore.swift in Sources */ = {isa = PBXBuildFile; fileRef = D8895ED12835323C0079C2AA /* UserDataStore.swift */; };
		D8895ED5283535AE0079C2AA /* UserDefaultsEntity.swift in Sources */ = {isa = PBXBuildFile; fileRef = D8895ED4283535AE0079C2AA /* UserDefaultsEntity.swift */; };
		D8895ED6283535AE0079C2AA /* UserDefaultsEntity.swift in Sources */ = {isa = PBXBuildFile; fileRef = D8895ED4283535AE0079C2AA /* UserDefaultsEntity.swift */; };
		D8895ED8283536D20079C2AA /* UserRepository.swift in Sources */ = {isa = PBXBuildFile; fileRef = D8895ED7283536D20079C2AA /* UserRepository.swift */; };
		D8895ED9283536D20079C2AA /* UserRepository.swift in Sources */ = {isa = PBXBuildFile; fileRef = D8895ED7283536D20079C2AA /* UserRepository.swift */; };
		D8A9EDB62841E6AA0011E703 /* ATTPermissionController.swift in Sources */ = {isa = PBXBuildFile; fileRef = D8A9EDB52841E6AA0011E703 /* ATTPermissionController.swift */; };
		D8A9EDB82841E8370011E703 /* ATTPermissionUseCase.swift in Sources */ = {isa = PBXBuildFile; fileRef = D8A9EDB72841E8370011E703 /* ATTPermissionUseCase.swift */; };
		D8A9EDBA2841E8B50011E703 /* ATTPermissionDataStore.swift in Sources */ = {isa = PBXBuildFile; fileRef = D8A9EDB92841E8B50011E703 /* ATTPermissionDataStore.swift */; };
		D8A9EDBB2841E8B50011E703 /* ATTPermissionDataStore.swift in Sources */ = {isa = PBXBuildFile; fileRef = D8A9EDB92841E8B50011E703 /* ATTPermissionDataStore.swift */; };
		D8A9EDBC2841E8BE0011E703 /* ATTPermissionController.swift in Sources */ = {isa = PBXBuildFile; fileRef = D8A9EDB52841E6AA0011E703 /* ATTPermissionController.swift */; };
		D8A9EDBD2841E8C30011E703 /* ATTPermissionUseCase.swift in Sources */ = {isa = PBXBuildFile; fileRef = D8A9EDB72841E8370011E703 /* ATTPermissionUseCase.swift */; };
		D8A9EDBF2841EDCC0011E703 /* ATTPermissionRepository.swift in Sources */ = {isa = PBXBuildFile; fileRef = D8A9EDBE2841EDCC0011E703 /* ATTPermissionRepository.swift */; };
		D8A9EDC02841EDCC0011E703 /* ATTPermissionRepository.swift in Sources */ = {isa = PBXBuildFile; fileRef = D8A9EDBE2841EDCC0011E703 /* ATTPermissionRepository.swift */; };
		D8A9EDC22841EFC50011E703 /* ATTAuthorizationStatusEntity.swift in Sources */ = {isa = PBXBuildFile; fileRef = D8A9EDC12841EFC50011E703 /* ATTAuthorizationStatusEntity.swift */; };
		D8A9EDC32841EFC50011E703 /* ATTAuthorizationStatusEntity.swift in Sources */ = {isa = PBXBuildFile; fileRef = D8A9EDC12841EFC50011E703 /* ATTAuthorizationStatusEntity.swift */; };
		D8A9EDC52841F6B20011E703 /* AppTrackingTransparency.framework in Frameworks */ = {isa = PBXBuildFile; fileRef = D8A9EDC42841F6B20011E703 /* AppTrackingTransparency.framework */; };
		D8A9EDC82841F73F0011E703 /* ATTPermissionViewBuilder.swift in Sources */ = {isa = PBXBuildFile; fileRef = D8A9EDC72841F73F0011E703 /* ATTPermissionViewBuilder.swift */; };
		D8A9EDC92841F73F0011E703 /* ATTPermissionViewBuilder.swift in Sources */ = {isa = PBXBuildFile; fileRef = D8A9EDC72841F73F0011E703 /* ATTPermissionViewBuilder.swift */; };
		D8A9EDD128420A2F0011E703 /* UserUseCase.swift in Sources */ = {isa = PBXBuildFile; fileRef = D8A9EDD028420A2F0011E703 /* UserUseCase.swift */; };
		D8A9EDD228420A2F0011E703 /* UserUseCase.swift in Sources */ = {isa = PBXBuildFile; fileRef = D8A9EDD028420A2F0011E703 /* UserUseCase.swift */; };
		D8A9EDD428420AAD0011E703 /* LaunchCountEntity.swift in Sources */ = {isa = PBXBuildFile; fileRef = D8A9EDD328420AAD0011E703 /* LaunchCountEntity.swift */; };
		D8A9EDD528420AAD0011E703 /* LaunchCountEntity.swift in Sources */ = {isa = PBXBuildFile; fileRef = D8A9EDD328420AAD0011E703 /* LaunchCountEntity.swift */; };
		D8AF8C1728462D6600533CC7 /* ActivityIndicatorView.swift in Sources */ = {isa = PBXBuildFile; fileRef = D8AF8C1628462D6600533CC7 /* ActivityIndicatorView.swift */; };
		D8AF8C1A2846347500533CC7 /* IndicatorView.swift in Sources */ = {isa = PBXBuildFile; fileRef = D8AF8C192846347500533CC7 /* IndicatorView.swift */; };
		D8AF8C1C2846519400533CC7 /* IndicatorUseCase.swift in Sources */ = {isa = PBXBuildFile; fileRef = D8AF8C1B2846519400533CC7 /* IndicatorUseCase.swift */; };
		D8AF8C1E284654EC00533CC7 /* RootViewModel.swift in Sources */ = {isa = PBXBuildFile; fileRef = D8AF8C1D284654EC00533CC7 /* RootViewModel.swift */; };
		D8AF8C20284655CF00533CC7 /* LaunchPresenter.swift in Sources */ = {isa = PBXBuildFile; fileRef = D8AF8C1F284655CF00533CC7 /* LaunchPresenter.swift */; };
		D8AF8C21284655CF00533CC7 /* LaunchPresenter.swift in Sources */ = {isa = PBXBuildFile; fileRef = D8AF8C1F284655CF00533CC7 /* LaunchPresenter.swift */; };
		D8BAD8942859FD8D00E2CA1D /* MockATTPermissionOutput.swift in Sources */ = {isa = PBXBuildFile; fileRef = D8BAD8932859FD8D00E2CA1D /* MockATTPermissionOutput.swift */; };
		D8BAD897285A013500E2CA1D /* MockATTPermissionRepository.swift in Sources */ = {isa = PBXBuildFile; fileRef = D8BAD896285A013500E2CA1D /* MockATTPermissionRepository.swift */; };
		D8BAD89C285A06F400E2CA1D /* MockATTPermissionUseCase.swift in Sources */ = {isa = PBXBuildFile; fileRef = D8BAD89B285A06F400E2CA1D /* MockATTPermissionUseCase.swift */; };
		D8BAD89F285A161700E2CA1D /* IndicatorUseCaseTests.swift in Sources */ = {isa = PBXBuildFile; fileRef = D8BAD89E285A161700E2CA1D /* IndicatorUseCaseTests.swift */; };
		D8BAD8A1285A165F00E2CA1D /* MockIndicatorOutput.swift in Sources */ = {isa = PBXBuildFile; fileRef = D8BAD8A0285A165F00E2CA1D /* MockIndicatorOutput.swift */; };
		D8BAD8A3285A1A7100E2CA1D /* MockInquiryUseCaseOutput.swift in Sources */ = {isa = PBXBuildFile; fileRef = D8BAD8A2285A1A7100E2CA1D /* MockInquiryUseCaseOutput.swift */; };
		D8BAD8A5285A1AB800E2CA1D /* InquiryUseCaseTests.swift in Sources */ = {isa = PBXBuildFile; fileRef = D8BAD8A4285A1AB800E2CA1D /* InquiryUseCaseTests.swift */; };
		D8BAD8A7285A1C2200E2CA1D /* LocatePermissionUseCaseTests.swift in Sources */ = {isa = PBXBuildFile; fileRef = D8BAD8A6285A1C2200E2CA1D /* LocatePermissionUseCaseTests.swift */; };
		D8BAD8A9285A1C7200E2CA1D /* MockLocatePermissionRepository.swift in Sources */ = {isa = PBXBuildFile; fileRef = D8BAD8A8285A1C7200E2CA1D /* MockLocatePermissionRepository.swift */; };
		D8BAD8AB285A1D9C00E2CA1D /* MockUserRepository.swift in Sources */ = {isa = PBXBuildFile; fileRef = D8BAD8AA285A1D9C00E2CA1D /* MockUserRepository.swift */; };
		D8BAD8AD285A1E3200E2CA1D /* MockLocatePermissionUseCaseOutput.swift in Sources */ = {isa = PBXBuildFile; fileRef = D8BAD8AC285A1E3200E2CA1D /* MockLocatePermissionUseCaseOutput.swift */; };
		D8BAD8AF285A1F1200E2CA1D /* MockLocatePermissionUseCase.swift in Sources */ = {isa = PBXBuildFile; fileRef = D8BAD8AE285A1F1200E2CA1D /* MockLocatePermissionUseCase.swift */; };
		D8CE68CD283794BC00C1EFD7 /* MenuController.swift in Sources */ = {isa = PBXBuildFile; fileRef = D8CE68CC283794BC00C1EFD7 /* MenuController.swift */; };
		D8CE68CE283794BC00C1EFD7 /* MenuController.swift in Sources */ = {isa = PBXBuildFile; fileRef = D8CE68CC283794BC00C1EFD7 /* MenuController.swift */; };
		D8CE68D0283794E500C1EFD7 /* MenuPresenter.swift in Sources */ = {isa = PBXBuildFile; fileRef = D8CE68CF283794E500C1EFD7 /* MenuPresenter.swift */; };
		D8CE68D1283794E500C1EFD7 /* MenuPresenter.swift in Sources */ = {isa = PBXBuildFile; fileRef = D8CE68CF283794E500C1EFD7 /* MenuPresenter.swift */; };
		D8CE68D32837950D00C1EFD7 /* MenuViewModel.swift in Sources */ = {isa = PBXBuildFile; fileRef = D8CE68D22837950D00C1EFD7 /* MenuViewModel.swift */; };
		D8CE68D42837950D00C1EFD7 /* MenuViewModel.swift in Sources */ = {isa = PBXBuildFile; fileRef = D8CE68D22837950D00C1EFD7 /* MenuViewModel.swift */; };
		D8CE68D92838CA7700C1EFD7 /* MenuButtonView.swift in Sources */ = {isa = PBXBuildFile; fileRef = D8CE68D82838CA7700C1EFD7 /* MenuButtonView.swift */; };
		D8CE68DA2838CA7700C1EFD7 /* MenuButtonView.swift in Sources */ = {isa = PBXBuildFile; fileRef = D8CE68D82838CA7700C1EFD7 /* MenuButtonView.swift */; };
		D8CE68DC2838CC7100C1EFD7 /* ShareUseCase.swift in Sources */ = {isa = PBXBuildFile; fileRef = D8CE68DB2838CC7100C1EFD7 /* ShareUseCase.swift */; };
		D8CE68DD2838CC7100C1EFD7 /* ShareUseCase.swift in Sources */ = {isa = PBXBuildFile; fileRef = D8CE68DB2838CC7100C1EFD7 /* ShareUseCase.swift */; };
		D8CE68DF2838CC8600C1EFD7 /* ReviewUseCase.swift in Sources */ = {isa = PBXBuildFile; fileRef = D8CE68DE2838CC8600C1EFD7 /* ReviewUseCase.swift */; };
		D8CE68E02838CC8600C1EFD7 /* ReviewUseCase.swift in Sources */ = {isa = PBXBuildFile; fileRef = D8CE68DE2838CC8600C1EFD7 /* ReviewUseCase.swift */; };
		D8CE68E22838CCB700C1EFD7 /* InquiryUseCase.swift in Sources */ = {isa = PBXBuildFile; fileRef = D8CE68E12838CCB700C1EFD7 /* InquiryUseCase.swift */; };
		D8CE68E32838CCB700C1EFD7 /* InquiryUseCase.swift in Sources */ = {isa = PBXBuildFile; fileRef = D8CE68E12838CCB700C1EFD7 /* InquiryUseCase.swift */; };
		D8CE68E52838CCDF00C1EFD7 /* BillingUseCase.swift in Sources */ = {isa = PBXBuildFile; fileRef = D8CE68E42838CCDF00C1EFD7 /* BillingUseCase.swift */; };
		D8CE68E62838CCDF00C1EFD7 /* BillingUseCase.swift in Sources */ = {isa = PBXBuildFile; fileRef = D8CE68E42838CCDF00C1EFD7 /* BillingUseCase.swift */; };
		D8CE68E82838CD1900C1EFD7 /* PinTypeUseCase.swift in Sources */ = {isa = PBXBuildFile; fileRef = D8CE68E72838CD1900C1EFD7 /* PinTypeUseCase.swift */; };
		D8CE68E92838CD1900C1EFD7 /* PinTypeUseCase.swift in Sources */ = {isa = PBXBuildFile; fileRef = D8CE68E72838CD1900C1EFD7 /* PinTypeUseCase.swift */; };
		D8CE68EB283A28B500C1EFD7 /* SharePostModel.swift in Sources */ = {isa = PBXBuildFile; fileRef = D8CE68EA283A28B500C1EFD7 /* SharePostModel.swift */; };
		D8CE68EC283A28B500C1EFD7 /* SharePostModel.swift in Sources */ = {isa = PBXBuildFile; fileRef = D8CE68EA283A28B500C1EFD7 /* SharePostModel.swift */; };
		D8CE68EE283A328B00C1EFD7 /* MenuViewBuilder.swift in Sources */ = {isa = PBXBuildFile; fileRef = D8CE68ED283A328B00C1EFD7 /* MenuViewBuilder.swift */; };
		D8CE68EF283A328B00C1EFD7 /* MenuViewBuilder.swift in Sources */ = {isa = PBXBuildFile; fileRef = D8CE68ED283A328B00C1EFD7 /* MenuViewBuilder.swift */; };
		D8CE68F1283A3CDF00C1EFD7 /* ShareSheetView.swift in Sources */ = {isa = PBXBuildFile; fileRef = D8CE68F0283A3CDF00C1EFD7 /* ShareSheetView.swift */; };
		D8CE68F2283A3CDF00C1EFD7 /* ShareSheetView.swift in Sources */ = {isa = PBXBuildFile; fileRef = D8CE68F0283A3CDF00C1EFD7 /* ShareSheetView.swift */; };
		D8CE68F4283A7F2F00C1EFD7 /* SafariView.swift in Sources */ = {isa = PBXBuildFile; fileRef = D8CE68F3283A7F2F00C1EFD7 /* SafariView.swift */; };
		D8CE68F5283A7F2F00C1EFD7 /* SafariView.swift in Sources */ = {isa = PBXBuildFile; fileRef = D8CE68F3283A7F2F00C1EFD7 /* SafariView.swift */; };
		D8CE68F8283A865800C1EFD7 /* Const.swift in Sources */ = {isa = PBXBuildFile; fileRef = D8CE68F7283A865800C1EFD7 /* Const.swift */; };
		D8CE68F9283A865800C1EFD7 /* Const.swift in Sources */ = {isa = PBXBuildFile; fileRef = D8CE68F7283A865800C1EFD7 /* Const.swift */; };
		D8D8578D283343BB0094C1EB /* CurrentLocationEntity.swift in Sources */ = {isa = PBXBuildFile; fileRef = D8D8578C283343BB0094C1EB /* CurrentLocationEntity.swift */; };
		D8D8578E283343BB0094C1EB /* CurrentLocationEntity.swift in Sources */ = {isa = PBXBuildFile; fileRef = D8D8578C283343BB0094C1EB /* CurrentLocationEntity.swift */; };
		D8E700322842E20B0046B391 /* AppDelegateController.swift in Sources */ = {isa = PBXBuildFile; fileRef = D8E700312842E20B0046B391 /* AppDelegateController.swift */; };
		D8E700342842F02A0046B391 /* ApplicationBuilder.swift in Sources */ = {isa = PBXBuildFile; fileRef = D8E700332842F02A0046B391 /* ApplicationBuilder.swift */; };
/* End PBXBuildFile section */

/* Begin PBXContainerItemProxy section */
		D849306B2829841B002DDFD2 /* PBXContainerItemProxy */ = {
			isa = PBXContainerItemProxy;
			containerPortal = D84930522829841A002DDFD2 /* Project object */;
			proxyType = 1;
			remoteGlobalIDString = D84930592829841A002DDFD2;
			remoteInfo = RestroomMap;
		};
		D84930752829841B002DDFD2 /* PBXContainerItemProxy */ = {
			isa = PBXContainerItemProxy;
			containerPortal = D84930522829841A002DDFD2 /* Project object */;
			proxyType = 1;
			remoteGlobalIDString = D84930592829841A002DDFD2;
			remoteInfo = RestroomMap;
		};
/* End PBXContainerItemProxy section */

/* Begin PBXFileReference section */
		D811B098284B104F000CA523 /* ShareUseCaseTests.swift */ = {isa = PBXFileReference; lastKnownFileType = sourcecode.swift; path = ShareUseCaseTests.swift; sourceTree = "<group>"; };
		D811B09A284B1FE7000CA523 /* MapUseCaseTests.swift */ = {isa = PBXFileReference; lastKnownFileType = sourcecode.swift; path = MapUseCaseTests.swift; sourceTree = "<group>"; };
		D811B09E284B2748000CA523 /* LocatePermissionDataStoreTests.swift */ = {isa = PBXFileReference; lastKnownFileType = sourcecode.swift; path = LocatePermissionDataStoreTests.swift; sourceTree = "<group>"; };
		D811B0A0284B2937000CA523 /* UserDataStoreTests.swift */ = {isa = PBXFileReference; lastKnownFileType = sourcecode.swift; path = UserDataStoreTests.swift; sourceTree = "<group>"; };
		D8176FED2841D3E700C674EA /* LocatePermissionPresenterTest.swift */ = {isa = PBXFileReference; lastKnownFileType = sourcecode.swift; path = LocatePermissionPresenterTest.swift; sourceTree = "<group>"; };
		D8176FEF2841D65100C674EA /* MapPresenterTests.swift */ = {isa = PBXFileReference; lastKnownFileType = sourcecode.swift; path = MapPresenterTests.swift; sourceTree = "<group>"; };
		D8176FF12841D92A00C674EA /* TestConst.swift */ = {isa = PBXFileReference; lastKnownFileType = sourcecode.swift; path = TestConst.swift; sourceTree = "<group>"; };
		D8176FF32841DA2700C674EA /* MenuPresenterTests.swift */ = {isa = PBXFileReference; lastKnownFileType = sourcecode.swift; path = MenuPresenterTests.swift; sourceTree = "<group>"; };
		D8176FF52841E3C500C674EA /* ATTPermissionView.swift */ = {isa = PBXFileReference; lastKnownFileType = sourcecode.swift; path = ATTPermissionView.swift; sourceTree = "<group>"; };
		D81FC008284A4C7300C2CBEF /* ATTPermissionPresenterTests.swift */ = {isa = PBXFileReference; lastKnownFileType = sourcecode.swift; path = ATTPermissionPresenterTests.swift; sourceTree = "<group>"; };
		D81FC00E284A512600C2CBEF /* RootViewModelTests.swift */ = {isa = PBXFileReference; lastKnownFileType = sourcecode.swift; path = RootViewModelTests.swift; sourceTree = "<group>"; };
		D81FC010284A534400C2CBEF /* UserUseCaseTests.swift */ = {isa = PBXFileReference; lastKnownFileType = sourcecode.swift; path = UserUseCaseTests.swift; sourceTree = "<group>"; };
		D824610E2857893B004AC989 /* ATTPermissionUseCaseTests.swift */ = {isa = PBXFileReference; lastKnownFileType = sourcecode.swift; path = ATTPermissionUseCaseTests.swift; sourceTree = "<group>"; };
		D836061E282D023400CDD7F0 /* AppDelegate.swift */ = {isa = PBXFileReference; lastKnownFileType = sourcecode.swift; path = AppDelegate.swift; sourceTree = "<group>"; };
		D8360621282EAA9100CDD7F0 /* MapToolBarButtonView.swift */ = {isa = PBXFileReference; lastKnownFileType = sourcecode.swift; path = MapToolBarButtonView.swift; sourceTree = "<group>"; };
		D8360623282EB72D00CDD7F0 /* MenuView.swift */ = {isa = PBXFileReference; lastKnownFileType = sourcecode.swift; path = MenuView.swift; sourceTree = "<group>"; };
		D838A7982833248000047D52 /* LocatePermissionViewModel.swift */ = {isa = PBXFileReference; fileEncoding = 4; lastKnownFileType = sourcecode.swift; path = LocatePermissionViewModel.swift; sourceTree = "<group>"; };
		D838A79A2833249500047D52 /* LocatePermissionPresenter.swift */ = {isa = PBXFileReference; fileEncoding = 4; lastKnownFileType = sourcecode.swift; path = LocatePermissionPresenter.swift; sourceTree = "<group>"; };
		D838A79D2833249D00047D52 /* LocatePermissionController.swift */ = {isa = PBXFileReference; fileEncoding = 4; lastKnownFileType = sourcecode.swift; path = LocatePermissionController.swift; sourceTree = "<group>"; };
		D838A7A0283324B600047D52 /* LocatePermissionRepository.swift */ = {isa = PBXFileReference; fileEncoding = 4; lastKnownFileType = sourcecode.swift; path = LocatePermissionRepository.swift; sourceTree = "<group>"; };
		D838A7A3283324C200047D52 /* LocatePermissionUseCase.swift */ = {isa = PBXFileReference; fileEncoding = 4; lastKnownFileType = sourcecode.swift; path = LocatePermissionUseCase.swift; sourceTree = "<group>"; };
		D838A7A6283324CF00047D52 /* LocatePermissionDataStore.swift */ = {isa = PBXFileReference; fileEncoding = 4; lastKnownFileType = sourcecode.swift; path = LocatePermissionDataStore.swift; sourceTree = "<group>"; };
		D838A7A9283324DD00047D52 /* AuthorizationStatusEntity.swift */ = {isa = PBXFileReference; fileEncoding = 4; lastKnownFileType = sourcecode.swift; path = AuthorizationStatusEntity.swift; sourceTree = "<group>"; };
		D838A7AC2833251000047D52 /* LocatePermissionViewBuilder.swift */ = {isa = PBXFileReference; fileEncoding = 4; lastKnownFileType = sourcecode.swift; path = LocatePermissionViewBuilder.swift; sourceTree = "<group>"; };
		D84188B82855FC9A00CD2AFE /* ATTPermissionPresenter.swift */ = {isa = PBXFileReference; fileEncoding = 4; lastKnownFileType = sourcecode.swift; path = ATTPermissionPresenter.swift; sourceTree = "<group>"; };
		D84188BC285634F100CD2AFE /* ApplicationBuilderTests.swift */ = {isa = PBXFileReference; lastKnownFileType = sourcecode.swift; path = ApplicationBuilderTests.swift; sourceTree = "<group>"; };
		D84188C02856AB4C00CD2AFE /* ATTPermissionViewBuilderTests.swift */ = {isa = PBXFileReference; lastKnownFileType = sourcecode.swift; path = ATTPermissionViewBuilderTests.swift; sourceTree = "<group>"; };
		D84188C22856AB5900CD2AFE /* LocatePermissionViewBuilderTests.swift */ = {isa = PBXFileReference; lastKnownFileType = sourcecode.swift; path = LocatePermissionViewBuilderTests.swift; sourceTree = "<group>"; };
		D84188C42856AB6C00CD2AFE /* MapViewBuilderTests.swift */ = {isa = PBXFileReference; lastKnownFileType = sourcecode.swift; path = MapViewBuilderTests.swift; sourceTree = "<group>"; };
		D84188C62856AB7A00CD2AFE /* MenuViewBuilderTests.swift */ = {isa = PBXFileReference; lastKnownFileType = sourcecode.swift; path = MenuViewBuilderTests.swift; sourceTree = "<group>"; };
		D84188C92856C22B00CD2AFE /* LaunchPresenterTests.swift */ = {isa = PBXFileReference; lastKnownFileType = sourcecode.swift; path = LaunchPresenterTests.swift; sourceTree = "<group>"; };
		D849305A2829841A002DDFD2 /* RestroomMap.app */ = {isa = PBXFileReference; explicitFileType = wrapper.application; includeInIndex = 0; path = RestroomMap.app; sourceTree = BUILT_PRODUCTS_DIR; };
		D849305D2829841A002DDFD2 /* RestroomMapApp.swift */ = {isa = PBXFileReference; lastKnownFileType = sourcecode.swift; path = RestroomMapApp.swift; sourceTree = "<group>"; };
		D849305F2829841A002DDFD2 /* MapView.swift */ = {isa = PBXFileReference; lastKnownFileType = sourcecode.swift; path = MapView.swift; sourceTree = "<group>"; };
		D84930612829841B002DDFD2 /* Assets.xcassets */ = {isa = PBXFileReference; lastKnownFileType = folder.assetcatalog; path = Assets.xcassets; sourceTree = "<group>"; };
		D84930642829841B002DDFD2 /* Preview Assets.xcassets */ = {isa = PBXFileReference; lastKnownFileType = folder.assetcatalog; path = "Preview Assets.xcassets"; sourceTree = "<group>"; };
		D849306A2829841B002DDFD2 /* RestroomMapTests.xctest */ = {isa = PBXFileReference; explicitFileType = wrapper.cfbundle; includeInIndex = 0; path = RestroomMapTests.xctest; sourceTree = BUILT_PRODUCTS_DIR; };
		D84930742829841B002DDFD2 /* RestroomMapUITests.xctest */ = {isa = PBXFileReference; explicitFileType = wrapper.cfbundle; includeInIndex = 0; path = RestroomMapUITests.xctest; sourceTree = BUILT_PRODUCTS_DIR; };
		D84930782829841B002DDFD2 /* RestroomMapUITests.swift */ = {isa = PBXFileReference; lastKnownFileType = sourcecode.swift; path = RestroomMapUITests.swift; sourceTree = "<group>"; };
		D849307A2829841B002DDFD2 /* RestroomMapUITestsLaunchTests.swift */ = {isa = PBXFileReference; lastKnownFileType = sourcecode.swift; path = RestroomMapUITestsLaunchTests.swift; sourceTree = "<group>"; };
		D849309E2829FF77002DDFD2 /* README.md */ = {isa = PBXFileReference; lastKnownFileType = net.daringfireball.markdown; path = README.md; sourceTree = "<group>"; };
		D85B0B5F28375C2F00E8062D /* MapRepository.swift */ = {isa = PBXFileReference; lastKnownFileType = sourcecode.swift; path = MapRepository.swift; sourceTree = "<group>"; };
		D85B0B6128375D6900E8062D /* MapDataStore.swift */ = {isa = PBXFileReference; lastKnownFileType = sourcecode.swift; path = MapDataStore.swift; sourceTree = "<group>"; };
		D85B0B63283767F300E8062D /* CurrentLocationModel.swift */ = {isa = PBXFileReference; lastKnownFileType = sourcecode.swift; path = CurrentLocationModel.swift; sourceTree = "<group>"; };
		D85B0B652837681200E8062D /* CurrentLocationModelTranslator.swift */ = {isa = PBXFileReference; lastKnownFileType = sourcecode.swift; path = CurrentLocationModelTranslator.swift; sourceTree = "<group>"; };
		D85B0B682837712900E8062D /* MapDataStoreTests.swift */ = {isa = PBXFileReference; lastKnownFileType = sourcecode.swift; path = MapDataStoreTests.swift; sourceTree = "<group>"; };
		D85B0B742837743C00E8062D /* CurrentLocationModelTranslatorTests.swift */ = {isa = PBXFileReference; lastKnownFileType = sourcecode.swift; path = CurrentLocationModelTranslatorTests.swift; sourceTree = "<group>"; };
		D8835FEC282FB59C0048A495 /* MapFocusButtonView.swift */ = {isa = PBXFileReference; lastKnownFileType = sourcecode.swift; path = MapFocusButtonView.swift; sourceTree = "<group>"; };
		D8835FEE282FB9250048A495 /* MapFocusView.swift */ = {isa = PBXFileReference; fileEncoding = 4; lastKnownFileType = sourcecode.swift; path = MapFocusView.swift; sourceTree = "<group>"; };
		D8835FF0282FBC830048A495 /* AddLocationView.swift */ = {isa = PBXFileReference; lastKnownFileType = sourcecode.swift; path = AddLocationView.swift; sourceTree = "<group>"; };
		D8835FF2282FBE020048A495 /* MapController.swift */ = {isa = PBXFileReference; lastKnownFileType = sourcecode.swift; path = MapController.swift; sourceTree = "<group>"; };
		D8835FF5282FBE1D0048A495 /* MapViewModel.swift */ = {isa = PBXFileReference; lastKnownFileType = sourcecode.swift; path = MapViewModel.swift; sourceTree = "<group>"; };
		D8835FF8282FBE370048A495 /* MapPresenter.swift */ = {isa = PBXFileReference; lastKnownFileType = sourcecode.swift; path = MapPresenter.swift; sourceTree = "<group>"; };
		D8835FFB282FBE640048A495 /* MapUseCase.swift */ = {isa = PBXFileReference; lastKnownFileType = sourcecode.swift; path = MapUseCase.swift; sourceTree = "<group>"; };
		D8835FFE282FC5800048A495 /* MapViewBuilder.swift */ = {isa = PBXFileReference; lastKnownFileType = sourcecode.swift; path = MapViewBuilder.swift; sourceTree = "<group>"; };
		D8836002282FDDB70048A495 /* CoreLocation.framework */ = {isa = PBXFileReference; lastKnownFileType = wrapper.framework; name = CoreLocation.framework; path = System/Library/Frameworks/CoreLocation.framework; sourceTree = SDKROOT; };
		D88360042830BAC70048A495 /* LocatePermissionView.swift */ = {isa = PBXFileReference; lastKnownFileType = sourcecode.swift; path = LocatePermissionView.swift; sourceTree = "<group>"; };
		D88360072830BEAC0048A495 /* PermissionButtonView.swift */ = {isa = PBXFileReference; lastKnownFileType = sourcecode.swift; path = PermissionButtonView.swift; sourceTree = "<group>"; };
		D8895ED12835323C0079C2AA /* UserDataStore.swift */ = {isa = PBXFileReference; lastKnownFileType = sourcecode.swift; path = UserDataStore.swift; sourceTree = "<group>"; };
		D8895ED4283535AE0079C2AA /* UserDefaultsEntity.swift */ = {isa = PBXFileReference; lastKnownFileType = sourcecode.swift; path = UserDefaultsEntity.swift; sourceTree = "<group>"; };
		D8895ED7283536D20079C2AA /* UserRepository.swift */ = {isa = PBXFileReference; lastKnownFileType = sourcecode.swift; path = UserRepository.swift; sourceTree = "<group>"; };
		D8A9EDB52841E6AA0011E703 /* ATTPermissionController.swift */ = {isa = PBXFileReference; lastKnownFileType = sourcecode.swift; path = ATTPermissionController.swift; sourceTree = "<group>"; };
		D8A9EDB72841E8370011E703 /* ATTPermissionUseCase.swift */ = {isa = PBXFileReference; lastKnownFileType = sourcecode.swift; path = ATTPermissionUseCase.swift; sourceTree = "<group>"; };
		D8A9EDB92841E8B50011E703 /* ATTPermissionDataStore.swift */ = {isa = PBXFileReference; lastKnownFileType = sourcecode.swift; path = ATTPermissionDataStore.swift; sourceTree = "<group>"; };
		D8A9EDBE2841EDCC0011E703 /* ATTPermissionRepository.swift */ = {isa = PBXFileReference; lastKnownFileType = sourcecode.swift; path = ATTPermissionRepository.swift; sourceTree = "<group>"; };
		D8A9EDC12841EFC50011E703 /* ATTAuthorizationStatusEntity.swift */ = {isa = PBXFileReference; lastKnownFileType = sourcecode.swift; path = ATTAuthorizationStatusEntity.swift; sourceTree = "<group>"; };
		D8A9EDC42841F6B20011E703 /* AppTrackingTransparency.framework */ = {isa = PBXFileReference; lastKnownFileType = wrapper.framework; name = AppTrackingTransparency.framework; path = System/Library/Frameworks/AppTrackingTransparency.framework; sourceTree = SDKROOT; };
		D8A9EDC62841F6D00011E703 /* Info.plist */ = {isa = PBXFileReference; lastKnownFileType = text.plist; path = Info.plist; sourceTree = "<group>"; };
		D8A9EDC72841F73F0011E703 /* ATTPermissionViewBuilder.swift */ = {isa = PBXFileReference; lastKnownFileType = sourcecode.swift; path = ATTPermissionViewBuilder.swift; sourceTree = "<group>"; };
		D8A9EDD028420A2F0011E703 /* UserUseCase.swift */ = {isa = PBXFileReference; lastKnownFileType = sourcecode.swift; path = UserUseCase.swift; sourceTree = "<group>"; };
		D8A9EDD328420AAD0011E703 /* LaunchCountEntity.swift */ = {isa = PBXFileReference; lastKnownFileType = sourcecode.swift; path = LaunchCountEntity.swift; sourceTree = "<group>"; };
		D8AF8C1628462D6600533CC7 /* ActivityIndicatorView.swift */ = {isa = PBXFileReference; lastKnownFileType = sourcecode.swift; path = ActivityIndicatorView.swift; sourceTree = "<group>"; };
		D8AF8C192846347500533CC7 /* IndicatorView.swift */ = {isa = PBXFileReference; lastKnownFileType = sourcecode.swift; path = IndicatorView.swift; sourceTree = "<group>"; };
		D8AF8C1B2846519400533CC7 /* IndicatorUseCase.swift */ = {isa = PBXFileReference; lastKnownFileType = sourcecode.swift; path = IndicatorUseCase.swift; sourceTree = "<group>"; };
		D8AF8C1D284654EC00533CC7 /* RootViewModel.swift */ = {isa = PBXFileReference; lastKnownFileType = sourcecode.swift; path = RootViewModel.swift; sourceTree = "<group>"; };
		D8AF8C1F284655CF00533CC7 /* LaunchPresenter.swift */ = {isa = PBXFileReference; lastKnownFileType = sourcecode.swift; path = LaunchPresenter.swift; sourceTree = "<group>"; };
		D8BAD8932859FD8D00E2CA1D /* MockATTPermissionOutput.swift */ = {isa = PBXFileReference; lastKnownFileType = sourcecode.swift; path = MockATTPermissionOutput.swift; sourceTree = "<group>"; };
		D8BAD896285A013500E2CA1D /* MockATTPermissionRepository.swift */ = {isa = PBXFileReference; lastKnownFileType = sourcecode.swift; path = MockATTPermissionRepository.swift; sourceTree = "<group>"; };
		D8BAD89B285A06F400E2CA1D /* MockATTPermissionUseCase.swift */ = {isa = PBXFileReference; lastKnownFileType = sourcecode.swift; path = MockATTPermissionUseCase.swift; sourceTree = "<group>"; };
		D8BAD89E285A161700E2CA1D /* IndicatorUseCaseTests.swift */ = {isa = PBXFileReference; lastKnownFileType = sourcecode.swift; path = IndicatorUseCaseTests.swift; sourceTree = "<group>"; };
		D8BAD8A0285A165F00E2CA1D /* MockIndicatorOutput.swift */ = {isa = PBXFileReference; lastKnownFileType = sourcecode.swift; path = MockIndicatorOutput.swift; sourceTree = "<group>"; };
		D8BAD8A2285A1A7100E2CA1D /* MockInquiryUseCaseOutput.swift */ = {isa = PBXFileReference; lastKnownFileType = sourcecode.swift; path = MockInquiryUseCaseOutput.swift; sourceTree = "<group>"; };
		D8BAD8A4285A1AB800E2CA1D /* InquiryUseCaseTests.swift */ = {isa = PBXFileReference; lastKnownFileType = sourcecode.swift; path = InquiryUseCaseTests.swift; sourceTree = "<group>"; };
		D8BAD8A6285A1C2200E2CA1D /* LocatePermissionUseCaseTests.swift */ = {isa = PBXFileReference; lastKnownFileType = sourcecode.swift; path = LocatePermissionUseCaseTests.swift; sourceTree = "<group>"; };
		D8BAD8A8285A1C7200E2CA1D /* MockLocatePermissionRepository.swift */ = {isa = PBXFileReference; lastKnownFileType = sourcecode.swift; path = MockLocatePermissionRepository.swift; sourceTree = "<group>"; };
		D8BAD8AA285A1D9C00E2CA1D /* MockUserRepository.swift */ = {isa = PBXFileReference; lastKnownFileType = sourcecode.swift; path = MockUserRepository.swift; sourceTree = "<group>"; };
		D8BAD8AC285A1E3200E2CA1D /* MockLocatePermissionUseCaseOutput.swift */ = {isa = PBXFileReference; lastKnownFileType = sourcecode.swift; path = MockLocatePermissionUseCaseOutput.swift; sourceTree = "<group>"; };
		D8BAD8AE285A1F1200E2CA1D /* MockLocatePermissionUseCase.swift */ = {isa = PBXFileReference; lastKnownFileType = sourcecode.swift; path = MockLocatePermissionUseCase.swift; sourceTree = "<group>"; };
		D8CE68CC283794BC00C1EFD7 /* MenuController.swift */ = {isa = PBXFileReference; lastKnownFileType = sourcecode.swift; path = MenuController.swift; sourceTree = "<group>"; };
		D8CE68CF283794E500C1EFD7 /* MenuPresenter.swift */ = {isa = PBXFileReference; lastKnownFileType = sourcecode.swift; path = MenuPresenter.swift; sourceTree = "<group>"; };
		D8CE68D22837950D00C1EFD7 /* MenuViewModel.swift */ = {isa = PBXFileReference; lastKnownFileType = sourcecode.swift; path = MenuViewModel.swift; sourceTree = "<group>"; };
		D8CE68D82838CA7700C1EFD7 /* MenuButtonView.swift */ = {isa = PBXFileReference; lastKnownFileType = sourcecode.swift; path = MenuButtonView.swift; sourceTree = "<group>"; };
		D8CE68DB2838CC7100C1EFD7 /* ShareUseCase.swift */ = {isa = PBXFileReference; lastKnownFileType = sourcecode.swift; path = ShareUseCase.swift; sourceTree = "<group>"; };
		D8CE68DE2838CC8600C1EFD7 /* ReviewUseCase.swift */ = {isa = PBXFileReference; lastKnownFileType = sourcecode.swift; path = ReviewUseCase.swift; sourceTree = "<group>"; };
		D8CE68E12838CCB700C1EFD7 /* InquiryUseCase.swift */ = {isa = PBXFileReference; lastKnownFileType = sourcecode.swift; path = InquiryUseCase.swift; sourceTree = "<group>"; };
		D8CE68E42838CCDF00C1EFD7 /* BillingUseCase.swift */ = {isa = PBXFileReference; lastKnownFileType = sourcecode.swift; path = BillingUseCase.swift; sourceTree = "<group>"; };
		D8CE68E72838CD1900C1EFD7 /* PinTypeUseCase.swift */ = {isa = PBXFileReference; lastKnownFileType = sourcecode.swift; path = PinTypeUseCase.swift; sourceTree = "<group>"; };
		D8CE68EA283A28B500C1EFD7 /* SharePostModel.swift */ = {isa = PBXFileReference; lastKnownFileType = sourcecode.swift; path = SharePostModel.swift; sourceTree = "<group>"; };
		D8CE68ED283A328B00C1EFD7 /* MenuViewBuilder.swift */ = {isa = PBXFileReference; lastKnownFileType = sourcecode.swift; path = MenuViewBuilder.swift; sourceTree = "<group>"; };
		D8CE68F0283A3CDF00C1EFD7 /* ShareSheetView.swift */ = {isa = PBXFileReference; lastKnownFileType = sourcecode.swift; path = ShareSheetView.swift; sourceTree = "<group>"; };
		D8CE68F3283A7F2F00C1EFD7 /* SafariView.swift */ = {isa = PBXFileReference; lastKnownFileType = sourcecode.swift; path = SafariView.swift; sourceTree = "<group>"; };
		D8CE68F7283A865800C1EFD7 /* Const.swift */ = {isa = PBXFileReference; lastKnownFileType = sourcecode.swift; path = Const.swift; sourceTree = "<group>"; };
		D8D8578C283343BB0094C1EB /* CurrentLocationEntity.swift */ = {isa = PBXFileReference; lastKnownFileType = sourcecode.swift; path = CurrentLocationEntity.swift; sourceTree = "<group>"; };
		D8E700312842E20B0046B391 /* AppDelegateController.swift */ = {isa = PBXFileReference; lastKnownFileType = sourcecode.swift; path = AppDelegateController.swift; sourceTree = "<group>"; };
		D8E700332842F02A0046B391 /* ApplicationBuilder.swift */ = {isa = PBXFileReference; lastKnownFileType = sourcecode.swift; path = ApplicationBuilder.swift; sourceTree = "<group>"; };
/* End PBXFileReference section */

/* Begin PBXFrameworksBuildPhase section */
		D84930572829841A002DDFD2 /* Frameworks */ = {
			isa = PBXFrameworksBuildPhase;
			buildActionMask = 2147483647;
			files = (
				D8836003282FDDB70048A495 /* CoreLocation.framework in Frameworks */,
				D8A9EDC52841F6B20011E703 /* AppTrackingTransparency.framework in Frameworks */,
			);
			runOnlyForDeploymentPostprocessing = 0;
		};
		D84930672829841B002DDFD2 /* Frameworks */ = {
			isa = PBXFrameworksBuildPhase;
			buildActionMask = 2147483647;
			files = (
			);
			runOnlyForDeploymentPostprocessing = 0;
		};
		D84930712829841B002DDFD2 /* Frameworks */ = {
			isa = PBXFrameworksBuildPhase;
			buildActionMask = 2147483647;
			files = (
			);
			runOnlyForDeploymentPostprocessing = 0;
		};
/* End PBXFrameworksBuildPhase section */

/* Begin PBXGroup section */
		D8176FEC2841D3CA00C674EA /* Presentation */ = {
			isa = PBXGroup;
			children = (
				D81FC00D284A511400C2CBEF /* ViewModel */,
				D81FC00C284A510000C2CBEF /* Presenter */,
			);
			path = Presentation;
			sourceTree = "<group>";
		};
		D81FC00C284A510000C2CBEF /* Presenter */ = {
			isa = PBXGroup;
			children = (
				D81FC008284A4C7300C2CBEF /* ATTPermissionPresenterTests.swift */,
				D84188C92856C22B00CD2AFE /* LaunchPresenterTests.swift */,
				D8176FED2841D3E700C674EA /* LocatePermissionPresenterTest.swift */,
				D8176FEF2841D65100C674EA /* MapPresenterTests.swift */,
				D8176FF32841DA2700C674EA /* MenuPresenterTests.swift */,
			);
			path = Presenter;
			sourceTree = "<group>";
		};
		D81FC00D284A511400C2CBEF /* ViewModel */ = {
			isa = PBXGroup;
			children = (
				D81FC00E284A512600C2CBEF /* RootViewModelTests.swift */,
			);
			path = ViewModel;
			sourceTree = "<group>";
		};
		D8360620282EAA4100CDD7F0 /* Button */ = {
			isa = PBXGroup;
			children = (
				D8835FEC282FB59C0048A495 /* MapFocusButtonView.swift */,
				D8360621282EAA9100CDD7F0 /* MapToolBarButtonView.swift */,
				D88360072830BEAC0048A495 /* PermissionButtonView.swift */,
				D8CE68D82838CA7700C1EFD7 /* MenuButtonView.swift */,
			);
			path = Button;
			sourceTree = "<group>";
		};
		D84188BB285634D900CD2AFE /* Builder */ = {
			isa = PBXGroup;
			children = (
				D84188BC285634F100CD2AFE /* ApplicationBuilderTests.swift */,
				D84188C02856AB4C00CD2AFE /* ATTPermissionViewBuilderTests.swift */,
				D84188C22856AB5900CD2AFE /* LocatePermissionViewBuilderTests.swift */,
				D84188C42856AB6C00CD2AFE /* MapViewBuilderTests.swift */,
				D84188C62856AB7A00CD2AFE /* MenuViewBuilderTests.swift */,
			);
			path = Builder;
			sourceTree = "<group>";
		};
		D84188C82856B48700CD2AFE /* Mock */ = {
			isa = PBXGroup;
			children = (
				D8BAD8912859FD4100E2CA1D /* Output */,
				D8BAD895285A010800E2CA1D /* Repository */,
				D8BAD898285A06BF00E2CA1D /* UseCase */,
			);
			path = Mock;
			sourceTree = "<group>";
		};
		D84930512829841A002DDFD2 = {
			isa = PBXGroup;
			children = (
				D849309E2829FF77002DDFD2 /* README.md */,
				D849305C2829841A002DDFD2 /* RestroomMap */,
				D849306D2829841B002DDFD2 /* RestroomMapTests */,
				D84930772829841B002DDFD2 /* RestroomMapUITests */,
				D849305B2829841A002DDFD2 /* Products */,
				D8836001282FDDB70048A495 /* Frameworks */,
			);
			sourceTree = "<group>";
		};
		D849305B2829841A002DDFD2 /* Products */ = {
			isa = PBXGroup;
			children = (
				D849305A2829841A002DDFD2 /* RestroomMap.app */,
				D849306A2829841B002DDFD2 /* RestroomMapTests.xctest */,
				D84930742829841B002DDFD2 /* RestroomMapUITests.xctest */,
			);
			name = Products;
			sourceTree = "<group>";
		};
		D849305C2829841A002DDFD2 /* RestroomMap */ = {
			isa = PBXGroup;
			children = (
				D8A9EDC62841F6D00011E703 /* Info.plist */,
				D84930952829FD47002DDFD2 /* Application */,
				D849308C2829FC85002DDFD2 /* Presentation */,
				D849308B2829FC82002DDFD2 /* Domain */,
				D84930882829FC7A002DDFD2 /* Data */,
				D84930992829FDC1002DDFD2 /* SupportFiles */,
				D84930612829841B002DDFD2 /* Assets.xcassets */,
				D84930632829841B002DDFD2 /* Preview Content */,
			);
			path = RestroomMap;
			sourceTree = "<group>";
		};
		D84930632829841B002DDFD2 /* Preview Content */ = {
			isa = PBXGroup;
			children = (
				D84930642829841B002DDFD2 /* Preview Assets.xcassets */,
			);
			path = "Preview Content";
			sourceTree = "<group>";
		};
		D849306D2829841B002DDFD2 /* RestroomMapTests */ = {
			isa = PBXGroup;
			children = (
				D8176FF12841D92A00C674EA /* TestConst.swift */,
				D84188C82856B48700CD2AFE /* Mock */,
				D84188BB285634D900CD2AFE /* Builder */,
				D8176FEC2841D3CA00C674EA /* Presentation */,
				D849309A2829FDF4002DDFD2 /* Domain */,
				D849309D2829FE12002DDFD2 /* Data */,
			);
			path = RestroomMapTests;
			sourceTree = "<group>";
		};
		D84930772829841B002DDFD2 /* RestroomMapUITests */ = {
			isa = PBXGroup;
			children = (
				D84930782829841B002DDFD2 /* RestroomMapUITests.swift */,
				D849307A2829841B002DDFD2 /* RestroomMapUITestsLaunchTests.swift */,
			);
			path = RestroomMapUITests;
			sourceTree = "<group>";
		};
		D84930882829FC7A002DDFD2 /* Data */ = {
			isa = PBXGroup;
			children = (
				D84930892829FC7C002DDFD2 /* Entity */,
				D849308A2829FC7E002DDFD2 /* DataStore */,
			);
			path = Data;
			sourceTree = "<group>";
		};
		D84930892829FC7C002DDFD2 /* Entity */ = {
			isa = PBXGroup;
			children = (
				D838A7A9283324DD00047D52 /* AuthorizationStatusEntity.swift */,
				D8D8578C283343BB0094C1EB /* CurrentLocationEntity.swift */,
				D8895ED4283535AE0079C2AA /* UserDefaultsEntity.swift */,
				D8A9EDC12841EFC50011E703 /* ATTAuthorizationStatusEntity.swift */,
				D8A9EDD328420AAD0011E703 /* LaunchCountEntity.swift */,
			);
			path = Entity;
			sourceTree = "<group>";
		};
		D849308A2829FC7E002DDFD2 /* DataStore */ = {
			isa = PBXGroup;
			children = (
				D8A9EDB92841E8B50011E703 /* ATTPermissionDataStore.swift */,
				D838A7A6283324CF00047D52 /* LocatePermissionDataStore.swift */,
				D8895ED12835323C0079C2AA /* UserDataStore.swift */,
				D85B0B6128375D6900E8062D /* MapDataStore.swift */,
			);
			path = DataStore;
			sourceTree = "<group>";
		};
		D849308B2829FC82002DDFD2 /* Domain */ = {
			isa = PBXGroup;
			children = (
				D84930922829FCDC002DDFD2 /* Model */,
				D84930982829FD83002DDFD2 /* Translator */,
				D84930932829FCE2002DDFD2 /* UseCase */,
				D84930942829FCE9002DDFD2 /* Repository */,
			);
			path = Domain;
			sourceTree = "<group>";
		};
		D849308C2829FC85002DDFD2 /* Presentation */ = {
			isa = PBXGroup;
			children = (
				D849308D2829FC8B002DDFD2 /* UI */,
				D84930912829FCCC002DDFD2 /* Controller */,
				D84930972829FD6D002DDFD2 /* Presenter */,
			);
			path = Presentation;
			sourceTree = "<group>";
		};
		D849308D2829FC8B002DDFD2 /* UI */ = {
			isa = PBXGroup;
			children = (
				D849308F2829FCAC002DDFD2 /* View */,
				D84930902829FCB3002DDFD2 /* ViewModel */,
			);
			path = UI;
			sourceTree = "<group>";
		};
		D849308E2829FC91002DDFD2 /* App */ = {
			isa = PBXGroup;
			children = (
				D836061E282D023400CDD7F0 /* AppDelegate.swift */,
				D849305D2829841A002DDFD2 /* RestroomMapApp.swift */,
			);
			path = App;
			sourceTree = "<group>";
		};
		D849308F2829FCAC002DDFD2 /* View */ = {
			isa = PBXGroup;
			children = (
				D8AF8C182846345800533CC7 /* Indicator */,
				D8360620282EAA4100CDD7F0 /* Button */,
				D8835FF0282FBC830048A495 /* AddLocationView.swift */,
				D8176FF52841E3C500C674EA /* ATTPermissionView.swift */,
				D88360042830BAC70048A495 /* LocatePermissionView.swift */,
				D8835FEE282FB9250048A495 /* MapFocusView.swift */,
				D849305F2829841A002DDFD2 /* MapView.swift */,
				D8360623282EB72D00CDD7F0 /* MenuView.swift */,
				D8CE68F3283A7F2F00C1EFD7 /* SafariView.swift */,
				D8CE68F0283A3CDF00C1EFD7 /* ShareSheetView.swift */,
			);
			path = View;
			sourceTree = "<group>";
		};
		D84930902829FCB3002DDFD2 /* ViewModel */ = {
			isa = PBXGroup;
			children = (
				D838A7982833248000047D52 /* LocatePermissionViewModel.swift */,
				D8835FF5282FBE1D0048A495 /* MapViewModel.swift */,
				D8CE68D22837950D00C1EFD7 /* MenuViewModel.swift */,
				D8AF8C1D284654EC00533CC7 /* RootViewModel.swift */,
			);
			path = ViewModel;
			sourceTree = "<group>";
		};
		D84930912829FCCC002DDFD2 /* Controller */ = {
			isa = PBXGroup;
			children = (
				D838A79D2833249D00047D52 /* LocatePermissionController.swift */,
				D8835FF2282FBE020048A495 /* MapController.swift */,
				D8CE68CC283794BC00C1EFD7 /* MenuController.swift */,
				D8A9EDB52841E6AA0011E703 /* ATTPermissionController.swift */,
				D8E700312842E20B0046B391 /* AppDelegateController.swift */,
			);
			path = Controller;
			sourceTree = "<group>";
		};
		D84930922829FCDC002DDFD2 /* Model */ = {
			isa = PBXGroup;
			children = (
				D85B0B63283767F300E8062D /* CurrentLocationModel.swift */,
				D8CE68EA283A28B500C1EFD7 /* SharePostModel.swift */,
			);
			path = Model;
			sourceTree = "<group>";
		};
		D84930932829FCE2002DDFD2 /* UseCase */ = {
			isa = PBXGroup;
			children = (
				D8A9EDB72841E8370011E703 /* ATTPermissionUseCase.swift */,
				D8CE68E42838CCDF00C1EFD7 /* BillingUseCase.swift */,
				D8AF8C1B2846519400533CC7 /* IndicatorUseCase.swift */,
				D8CE68E12838CCB700C1EFD7 /* InquiryUseCase.swift */,
				D838A7A3283324C200047D52 /* LocatePermissionUseCase.swift */,
				D8835FFB282FBE640048A495 /* MapUseCase.swift */,
				D8CE68E72838CD1900C1EFD7 /* PinTypeUseCase.swift */,
				D8CE68DE2838CC8600C1EFD7 /* ReviewUseCase.swift */,
				D8CE68DB2838CC7100C1EFD7 /* ShareUseCase.swift */,
				D8A9EDD028420A2F0011E703 /* UserUseCase.swift */,
			);
			path = UseCase;
			sourceTree = "<group>";
		};
		D84930942829FCE9002DDFD2 /* Repository */ = {
			isa = PBXGroup;
			children = (
				D8A9EDBE2841EDCC0011E703 /* ATTPermissionRepository.swift */,
				D838A7A0283324B600047D52 /* LocatePermissionRepository.swift */,
				D8895ED7283536D20079C2AA /* UserRepository.swift */,
				D85B0B5F28375C2F00E8062D /* MapRepository.swift */,
			);
			path = Repository;
			sourceTree = "<group>";
		};
		D84930952829FD47002DDFD2 /* Application */ = {
			isa = PBXGroup;
			children = (
				D849308E2829FC91002DDFD2 /* App */,
				D84930962829FD5A002DDFD2 /* Builder */,
				D8CE68F6283A85F800C1EFD7 /* Const */,
			);
			path = Application;
			sourceTree = "<group>";
		};
		D84930962829FD5A002DDFD2 /* Builder */ = {
			isa = PBXGroup;
			children = (
				D8E700332842F02A0046B391 /* ApplicationBuilder.swift */,
				D8A9EDC72841F73F0011E703 /* ATTPermissionViewBuilder.swift */,
				D838A7AC2833251000047D52 /* LocatePermissionViewBuilder.swift */,
				D8835FFE282FC5800048A495 /* MapViewBuilder.swift */,
				D8CE68ED283A328B00C1EFD7 /* MenuViewBuilder.swift */,
			);
			path = Builder;
			sourceTree = "<group>";
		};
		D84930972829FD6D002DDFD2 /* Presenter */ = {
			isa = PBXGroup;
			children = (
				D84188B82855FC9A00CD2AFE /* ATTPermissionPresenter.swift */,
				D8AF8C1F284655CF00533CC7 /* LaunchPresenter.swift */,
				D838A79A2833249500047D52 /* LocatePermissionPresenter.swift */,
				D8835FF8282FBE370048A495 /* MapPresenter.swift */,
				D8CE68CF283794E500C1EFD7 /* MenuPresenter.swift */,
			);
			path = Presenter;
			sourceTree = "<group>";
		};
		D84930982829FD83002DDFD2 /* Translator */ = {
			isa = PBXGroup;
			children = (
				D85B0B652837681200E8062D /* CurrentLocationModelTranslator.swift */,
			);
			path = Translator;
			sourceTree = "<group>";
		};
		D84930992829FDC1002DDFD2 /* SupportFiles */ = {
			isa = PBXGroup;
			children = (
			);
			path = SupportFiles;
			sourceTree = "<group>";
		};
		D849309A2829FDF4002DDFD2 /* Domain */ = {
			isa = PBXGroup;
			children = (
				D849309B2829FDFA002DDFD2 /* Translator */,
				D849309C2829FE04002DDFD2 /* UseCase */,
			);
			path = Domain;
			sourceTree = "<group>";
		};
		D849309B2829FDFA002DDFD2 /* Translator */ = {
			isa = PBXGroup;
			children = (
				D85B0B742837743C00E8062D /* CurrentLocationModelTranslatorTests.swift */,
			);
			path = Translator;
			sourceTree = "<group>";
		};
		D849309C2829FE04002DDFD2 /* UseCase */ = {
			isa = PBXGroup;
			children = (
				D824610E2857893B004AC989 /* ATTPermissionUseCaseTests.swift */,
				D8BAD89E285A161700E2CA1D /* IndicatorUseCaseTests.swift */,
				D8BAD8A4285A1AB800E2CA1D /* InquiryUseCaseTests.swift */,
				D8BAD8A6285A1C2200E2CA1D /* LocatePermissionUseCaseTests.swift */,
				D811B09A284B1FE7000CA523 /* MapUseCaseTests.swift */,
				D811B098284B104F000CA523 /* ShareUseCaseTests.swift */,
				D81FC010284A534400C2CBEF /* UserUseCaseTests.swift */,
			);
			path = UseCase;
			sourceTree = "<group>";
		};
		D849309D2829FE12002DDFD2 /* Data */ = {
			isa = PBXGroup;
			children = (
				D811B09E284B2748000CA523 /* LocatePermissionDataStoreTests.swift */,
				D85B0B682837712900E8062D /* MapDataStoreTests.swift */,
				D811B0A0284B2937000CA523 /* UserDataStoreTests.swift */,
			);
			path = Data;
			sourceTree = "<group>";
		};
		D8836001282FDDB70048A495 /* Frameworks */ = {
			isa = PBXGroup;
			children = (
				D8A9EDC42841F6B20011E703 /* AppTrackingTransparency.framework */,
				D8836002282FDDB70048A495 /* CoreLocation.framework */,
			);
			name = Frameworks;
			sourceTree = "<group>";
		};
		D8AF8C182846345800533CC7 /* Indicator */ = {
			isa = PBXGroup;
			children = (
				D8AF8C1628462D6600533CC7 /* ActivityIndicatorView.swift */,
				D8AF8C192846347500533CC7 /* IndicatorView.swift */,
			);
			path = Indicator;
			sourceTree = "<group>";
		};
		D8BAD8912859FD4100E2CA1D /* Output */ = {
			isa = PBXGroup;
			children = (
				D8BAD8932859FD8D00E2CA1D /* MockATTPermissionOutput.swift */,
				D8BAD8A0285A165F00E2CA1D /* MockIndicatorOutput.swift */,
				D8BAD8A2285A1A7100E2CA1D /* MockInquiryUseCaseOutput.swift */,
				D8BAD8AC285A1E3200E2CA1D /* MockLocatePermissionUseCaseOutput.swift */,
			);
			name = Output;
			sourceTree = "<group>";
		};
		D8BAD895285A010800E2CA1D /* Repository */ = {
			isa = PBXGroup;
			children = (
				D8BAD896285A013500E2CA1D /* MockATTPermissionRepository.swift */,
				D8BAD8A8285A1C7200E2CA1D /* MockLocatePermissionRepository.swift */,
				D8BAD8AA285A1D9C00E2CA1D /* MockUserRepository.swift */,
			);
			name = Repository;
			sourceTree = "<group>";
		};
		D8BAD898285A06BF00E2CA1D /* UseCase */ = {
			isa = PBXGroup;
			children = (
				D8BAD89B285A06F400E2CA1D /* MockATTPermissionUseCase.swift */,
				D8BAD8AE285A1F1200E2CA1D /* MockLocatePermissionUseCase.swift */,
			);
			name = UseCase;
			sourceTree = "<group>";
		};
		D8CE68F6283A85F800C1EFD7 /* Const */ = {
			isa = PBXGroup;
			children = (
				D8CE68F7283A865800C1EFD7 /* Const.swift */,
			);
			path = Const;
			sourceTree = "<group>";
		};
/* End PBXGroup section */

/* Begin PBXNativeTarget section */
		D84930592829841A002DDFD2 /* RestroomMap */ = {
			isa = PBXNativeTarget;
			buildConfigurationList = D849307E2829841B002DDFD2 /* Build configuration list for PBXNativeTarget "RestroomMap" */;
			buildPhases = (
				D84930562829841A002DDFD2 /* Sources */,
				D836061B282C144800CDD7F0 /* ShellScript */,
				D84930572829841A002DDFD2 /* Frameworks */,
				D84930582829841A002DDFD2 /* Resources */,
			);
			buildRules = (
			);
			dependencies = (
			);
			name = RestroomMap;
			productName = RestroomMap;
			productReference = D849305A2829841A002DDFD2 /* RestroomMap.app */;
			productType = "com.apple.product-type.application";
		};
		D84930692829841B002DDFD2 /* RestroomMapTests */ = {
			isa = PBXNativeTarget;
			buildConfigurationList = D84930812829841B002DDFD2 /* Build configuration list for PBXNativeTarget "RestroomMapTests" */;
			buildPhases = (
				D84930662829841B002DDFD2 /* Sources */,
				D84930672829841B002DDFD2 /* Frameworks */,
				D84930682829841B002DDFD2 /* Resources */,
			);
			buildRules = (
			);
			dependencies = (
				D849306C2829841B002DDFD2 /* PBXTargetDependency */,
			);
			name = RestroomMapTests;
			productName = RestroomMapTests;
			productReference = D849306A2829841B002DDFD2 /* RestroomMapTests.xctest */;
			productType = "com.apple.product-type.bundle.unit-test";
		};
		D84930732829841B002DDFD2 /* RestroomMapUITests */ = {
			isa = PBXNativeTarget;
			buildConfigurationList = D84930842829841B002DDFD2 /* Build configuration list for PBXNativeTarget "RestroomMapUITests" */;
			buildPhases = (
				D84930702829841B002DDFD2 /* Sources */,
				D84930712829841B002DDFD2 /* Frameworks */,
				D84930722829841B002DDFD2 /* Resources */,
			);
			buildRules = (
			);
			dependencies = (
				D84930762829841B002DDFD2 /* PBXTargetDependency */,
			);
			name = RestroomMapUITests;
			productName = RestroomMapUITests;
			productReference = D84930742829841B002DDFD2 /* RestroomMapUITests.xctest */;
			productType = "com.apple.product-type.bundle.ui-testing";
		};
/* End PBXNativeTarget section */

/* Begin PBXProject section */
		D84930522829841A002DDFD2 /* Project object */ = {
			isa = PBXProject;
			attributes = {
				BuildIndependentTargetsInParallel = 1;
				LastSwiftUpdateCheck = 1330;
				LastUpgradeCheck = 1330;
				TargetAttributes = {
					D84930592829841A002DDFD2 = {
						CreatedOnToolsVersion = 13.3.1;
					};
					D84930692829841B002DDFD2 = {
						CreatedOnToolsVersion = 13.3.1;
						TestTargetID = D84930592829841A002DDFD2;
					};
					D84930732829841B002DDFD2 = {
						CreatedOnToolsVersion = 13.3.1;
						TestTargetID = D84930592829841A002DDFD2;
					};
				};
			};
			buildConfigurationList = D84930552829841A002DDFD2 /* Build configuration list for PBXProject "RestroomMap" */;
			compatibilityVersion = "Xcode 13.0";
			developmentRegion = en;
			hasScannedForEncodings = 0;
			knownRegions = (
				en,
				Base,
			);
			mainGroup = D84930512829841A002DDFD2;
			productRefGroup = D849305B2829841A002DDFD2 /* Products */;
			projectDirPath = "";
			projectRoot = "";
			targets = (
				D84930592829841A002DDFD2 /* RestroomMap */,
				D84930692829841B002DDFD2 /* RestroomMapTests */,
				D84930732829841B002DDFD2 /* RestroomMapUITests */,
			);
		};
/* End PBXProject section */

/* Begin PBXResourcesBuildPhase section */
		D84930582829841A002DDFD2 /* Resources */ = {
			isa = PBXResourcesBuildPhase;
			buildActionMask = 2147483647;
			files = (
				D84930652829841B002DDFD2 /* Preview Assets.xcassets in Resources */,
				D84930622829841B002DDFD2 /* Assets.xcassets in Resources */,
			);
			runOnlyForDeploymentPostprocessing = 0;
		};
		D84930682829841B002DDFD2 /* Resources */ = {
			isa = PBXResourcesBuildPhase;
			buildActionMask = 2147483647;
			files = (
			);
			runOnlyForDeploymentPostprocessing = 0;
		};
		D84930722829841B002DDFD2 /* Resources */ = {
			isa = PBXResourcesBuildPhase;
			buildActionMask = 2147483647;
			files = (
			);
			runOnlyForDeploymentPostprocessing = 0;
		};
/* End PBXResourcesBuildPhase section */

/* Begin PBXShellScriptBuildPhase section */
		D836061B282C144800CDD7F0 /* ShellScript */ = {
			isa = PBXShellScriptBuildPhase;
			buildActionMask = 2147483647;
			files = (
			);
			inputFileListPaths = (
			);
			inputPaths = (
			);
			outputFileListPaths = (
			);
			outputPaths = (
			);
			runOnlyForDeploymentPostprocessing = 0;
			shellPath = /bin/sh;
			shellScript = "# Type a script or drag a script file from your workspace to insert its path.\nif which swiftlint >/dev/null; then\n  swiftlint autocorrect --format\n  swiftlint\nelse\n  echo \"warning: Mint not installed, download from https://github.com/yonaskolb/Mint\"\nfi\n\n";
		};
/* End PBXShellScriptBuildPhase section */

/* Begin PBXSourcesBuildPhase section */
		D84930562829841A002DDFD2 /* Sources */ = {
			isa = PBXSourcesBuildPhase;
			buildActionMask = 2147483647;
			files = (
				D8A9EDB82841E8370011E703 /* ATTPermissionUseCase.swift in Sources */,
				D8835FED282FB59C0048A495 /* MapFocusButtonView.swift in Sources */,
				D8A9EDB62841E6AA0011E703 /* ATTPermissionController.swift in Sources */,
				D8835FF6282FBE1D0048A495 /* MapViewModel.swift in Sources */,
				D8A9EDBA2841E8B50011E703 /* ATTPermissionDataStore.swift in Sources */,
				D838A7AA283324DD00047D52 /* AuthorizationStatusEntity.swift in Sources */,
				D8895ED22835323C0079C2AA /* UserDataStore.swift in Sources */,
				D85B0B6028375C2F00E8062D /* MapRepository.swift in Sources */,
				D838A7A7283324CF00047D52 /* LocatePermissionDataStore.swift in Sources */,
				D84188B92855FC9A00CD2AFE /* ATTPermissionPresenter.swift in Sources */,
				D8360624282EB72D00CDD7F0 /* MenuView.swift in Sources */,
				D8835FF9282FBE370048A495 /* MapPresenter.swift in Sources */,
				D8CE68CD283794BC00C1EFD7 /* MenuController.swift in Sources */,
				D85B0B6228375D6900E8062D /* MapDataStore.swift in Sources */,
				D836061F282D023400CDD7F0 /* AppDelegate.swift in Sources */,
				D8CE68DF2838CC8600C1EFD7 /* ReviewUseCase.swift in Sources */,
				D8CE68F4283A7F2F00C1EFD7 /* SafariView.swift in Sources */,
				D8176FF62841E3C500C674EA /* ATTPermissionView.swift in Sources */,
				D8A9EDC82841F73F0011E703 /* ATTPermissionViewBuilder.swift in Sources */,
				D8835FEF282FB9260048A495 /* MapFocusView.swift in Sources */,
				D85B0B662837681200E8062D /* CurrentLocationModelTranslator.swift in Sources */,
				D8835FFC282FBE640048A495 /* MapUseCase.swift in Sources */,
				D8CE68D0283794E500C1EFD7 /* MenuPresenter.swift in Sources */,
				D838A7992833248000047D52 /* LocatePermissionViewModel.swift in Sources */,
				D8895ED8283536D20079C2AA /* UserRepository.swift in Sources */,
				D8360622282EAA9100CDD7F0 /* MapToolBarButtonView.swift in Sources */,
				D8CE68E52838CCDF00C1EFD7 /* BillingUseCase.swift in Sources */,
				D8A9EDD428420AAD0011E703 /* LaunchCountEntity.swift in Sources */,
				D8835FFF282FC5800048A495 /* MapViewBuilder.swift in Sources */,
				D8835FF1282FBC830048A495 /* AddLocationView.swift in Sources */,
				D838A7AD2833251000047D52 /* LocatePermissionViewBuilder.swift in Sources */,
				D838A7A1283324B600047D52 /* LocatePermissionRepository.swift in Sources */,
				D8E700342842F02A0046B391 /* ApplicationBuilder.swift in Sources */,
				D84930602829841A002DDFD2 /* MapView.swift in Sources */,
				D8AF8C1A2846347500533CC7 /* IndicatorView.swift in Sources */,
				D88360082830BEAC0048A495 /* PermissionButtonView.swift in Sources */,
				D8CE68EB283A28B500C1EFD7 /* SharePostModel.swift in Sources */,
				D8A9EDBF2841EDCC0011E703 /* ATTPermissionRepository.swift in Sources */,
				D8AF8C1C2846519400533CC7 /* IndicatorUseCase.swift in Sources */,
				D88360052830BAC70048A495 /* LocatePermissionView.swift in Sources */,
				D8895ED5283535AE0079C2AA /* UserDefaultsEntity.swift in Sources */,
				D8CE68EE283A328B00C1EFD7 /* MenuViewBuilder.swift in Sources */,
				D8AF8C1E284654EC00533CC7 /* RootViewModel.swift in Sources */,
				D8835FF3282FBE020048A495 /* MapController.swift in Sources */,
				D8CE68D92838CA7700C1EFD7 /* MenuButtonView.swift in Sources */,
				D85B0B64283767F300E8062D /* CurrentLocationModel.swift in Sources */,
				D838A79B2833249500047D52 /* LocatePermissionPresenter.swift in Sources */,
				D838A79E2833249D00047D52 /* LocatePermissionController.swift in Sources */,
				D8CE68E82838CD1900C1EFD7 /* PinTypeUseCase.swift in Sources */,
				D8AF8C20284655CF00533CC7 /* LaunchPresenter.swift in Sources */,
				D8AF8C1728462D6600533CC7 /* ActivityIndicatorView.swift in Sources */,
				D8E700322842E20B0046B391 /* AppDelegateController.swift in Sources */,
				D8A9EDC22841EFC50011E703 /* ATTAuthorizationStatusEntity.swift in Sources */,
				D838A7A4283324C200047D52 /* LocatePermissionUseCase.swift in Sources */,
				D8CE68E22838CCB700C1EFD7 /* InquiryUseCase.swift in Sources */,
				D8CE68D32837950D00C1EFD7 /* MenuViewModel.swift in Sources */,
				D8CE68DC2838CC7100C1EFD7 /* ShareUseCase.swift in Sources */,
				D8CE68F1283A3CDF00C1EFD7 /* ShareSheetView.swift in Sources */,
				D8A9EDD128420A2F0011E703 /* UserUseCase.swift in Sources */,
				D849305E2829841A002DDFD2 /* RestroomMapApp.swift in Sources */,
				D8D8578D283343BB0094C1EB /* CurrentLocationEntity.swift in Sources */,
				D8CE68F8283A865800C1EFD7 /* Const.swift in Sources */,
			);
			runOnlyForDeploymentPostprocessing = 0;
		};
		D84930662829841B002DDFD2 /* Sources */ = {
			isa = PBXSourcesBuildPhase;
			buildActionMask = 2147483647;
			files = (
				D8BAD8A5285A1AB800E2CA1D /* InquiryUseCaseTests.swift in Sources */,
				D8A9EDBD2841E8C30011E703 /* ATTPermissionUseCase.swift in Sources */,
				D81FC003284A102900C2CBEF /* IndicatorUseCase.swift in Sources */,
				D8BAD8A9285A1C7200E2CA1D /* MockLocatePermissionRepository.swift in Sources */,
				D8A9EDD528420AAD0011E703 /* LaunchCountEntity.swift in Sources */,
				D84188C32856AB5900CD2AFE /* LocatePermissionViewBuilderTests.swift in Sources */,
				D8836000282FC5800048A495 /* MapViewBuilder.swift in Sources */,
				D84188C72856AB7A00CD2AFE /* MenuViewBuilderTests.swift in Sources */,
				D8835FF4282FBE020048A495 /* MapController.swift in Sources */,
				D85B0B692837712900E8062D /* MapDataStoreTests.swift in Sources */,
				D824610F2857893B004AC989 /* ATTPermissionUseCaseTests.swift in Sources */,
				D85B0B6B2837728100E8062D /* LocatePermissionViewModel.swift in Sources */,
				D81FC005284A109C00C2CBEF /* MapView.swift in Sources */,
				D811B099284B104F000CA523 /* ShareUseCaseTests.swift in Sources */,
				D85B0B6D283772B400E8062D /* MapRepository.swift in Sources */,
				D8A9EDD228420A2F0011E703 /* UserUseCase.swift in Sources */,
				D838A79F2833249D00047D52 /* LocatePermissionController.swift in Sources */,
				D81FC007284A10C300C2CBEF /* ActivityIndicatorView.swift in Sources */,
				D8835FFD282FBE640048A495 /* MapUseCase.swift in Sources */,
				D85B0B6A2837720200E8062D /* MapDataStore.swift in Sources */,
				D87816852849FDC2009B9FB0 /* ATTPermissionView.swift in Sources */,
				D8CE68CE283794BC00C1EFD7 /* MenuController.swift in Sources */,
				D8A9EDBC2841E8BE0011E703 /* ATTPermissionController.swift in Sources */,
				D84188CA2856C22B00CD2AFE /* LaunchPresenterTests.swift in Sources */,
				D838A7AE2833251000047D52 /* LocatePermissionViewBuilder.swift in Sources */,
				D8BAD89F285A161700E2CA1D /* IndicatorUseCaseTests.swift in Sources */,
				D8A9EDBB2841E8B50011E703 /* ATTPermissionDataStore.swift in Sources */,
				D838A7AB283324DD00047D52 /* AuthorizationStatusEntity.swift in Sources */,
				D8CE68E02838CC8600C1EFD7 /* ReviewUseCase.swift in Sources */,
				D84188BD285634F100CD2AFE /* ApplicationBuilderTests.swift in Sources */,
				D8BAD8AB285A1D9C00E2CA1D /* MockUserRepository.swift in Sources */,
				D8CE68F5283A7F2F00C1EFD7 /* SafariView.swift in Sources */,
				D85B0B71283772D800E8062D /* MapFocusView.swift in Sources */,
				D8895ED32835323C0079C2AA /* UserDataStore.swift in Sources */,
				D85B0B6C283772AA00E8062D /* CurrentLocationModel.swift in Sources */,
				D8CE68D1283794E500C1EFD7 /* MenuPresenter.swift in Sources */,
				D8BAD8A7285A1C2200E2CA1D /* LocatePermissionUseCaseTests.swift in Sources */,
				D811B09F284B2748000CA523 /* LocatePermissionDataStoreTests.swift in Sources */,
				D8176FEE2841D3E700C674EA /* LocatePermissionPresenterTest.swift in Sources */,
				D84188BA2855FC9A00CD2AFE /* ATTPermissionPresenter.swift in Sources */,
				D8BAD8A3285A1A7100E2CA1D /* MockInquiryUseCaseOutput.swift in Sources */,
				D838A79C2833249500047D52 /* LocatePermissionPresenter.swift in Sources */,
				D838A7A5283324C200047D52 /* LocatePermissionUseCase.swift in Sources */,
				D8BAD8A1285A165F00E2CA1D /* MockIndicatorOutput.swift in Sources */,
				D8CE68E62838CCDF00C1EFD7 /* BillingUseCase.swift in Sources */,
				D88360062830BAC70048A495 /* LocatePermissionView.swift in Sources */,
				D8895ED6283535AE0079C2AA /* UserDefaultsEntity.swift in Sources */,
				D84188BE285634FA00CD2AFE /* ApplicationBuilder.swift in Sources */,
				D8BAD8AF285A1F1200E2CA1D /* MockLocatePermissionUseCase.swift in Sources */,
				D85B0B6F283772C800E8062D /* AddLocationView.swift in Sources */,
				D81FC009284A4C7400C2CBEF /* ATTPermissionPresenterTests.swift in Sources */,
				D811B0A1284B2937000CA523 /* UserDataStoreTests.swift in Sources */,
				D81FC00F284A512600C2CBEF /* RootViewModelTests.swift in Sources */,
				D84188C52856AB6C00CD2AFE /* MapViewBuilderTests.swift in Sources */,
				D88360092830BEAC0048A495 /* PermissionButtonView.swift in Sources */,
				D84188BF285635AF00CD2AFE /* AppDelegateController.swift in Sources */,
				D8BAD8AD285A1E3200E2CA1D /* MockLocatePermissionUseCaseOutput.swift in Sources */,
				D8835FF7282FBE1D0048A495 /* MapViewModel.swift in Sources */,
				D838A7A8283324CF00047D52 /* LocatePermissionDataStore.swift in Sources */,
				D8CE68EC283A28B500C1EFD7 /* SharePostModel.swift in Sources */,
				D838A7A2283324B600047D52 /* LocatePermissionRepository.swift in Sources */,
				D81FC011284A534400C2CBEF /* UserUseCaseTests.swift in Sources */,
				D81FC006284A10AD00C2CBEF /* IndicatorView.swift in Sources */,
				D85B0B73283772E500E8062D /* MapToolBarButtonView.swift in Sources */,
				D8176FF02841D65100C674EA /* MapPresenterTests.swift in Sources */,
				D8BAD897285A013500E2CA1D /* MockATTPermissionRepository.swift in Sources */,
				D8CE68EF283A328B00C1EFD7 /* MenuViewBuilder.swift in Sources */,
				D8176FF22841D92A00C674EA /* TestConst.swift in Sources */,
				D85B0B70283772CD00E8062D /* MenuView.swift in Sources */,
				D81FC004284A107C00C2CBEF /* RootViewModel.swift in Sources */,
				D8CE68DA2838CA7700C1EFD7 /* MenuButtonView.swift in Sources */,
				D8176FF42841DA2700C674EA /* MenuPresenterTests.swift in Sources */,
				D8835FFA282FBE370048A495 /* MapPresenter.swift in Sources */,
				D8A9EDC02841EDCC0011E703 /* ATTPermissionRepository.swift in Sources */,
				D8A9EDC32841EFC50011E703 /* ATTAuthorizationStatusEntity.swift in Sources */,
				D85B0B752837743C00E8062D /* CurrentLocationModelTranslatorTests.swift in Sources */,
				D85B0B72283772E100E8062D /* MapFocusButtonView.swift in Sources */,
				D8A9EDC92841F73F0011E703 /* ATTPermissionViewBuilder.swift in Sources */,
				D8CE68E92838CD1900C1EFD7 /* PinTypeUseCase.swift in Sources */,
				D811B09B284B1FE7000CA523 /* MapUseCaseTests.swift in Sources */,
				D8BAD8942859FD8D00E2CA1D /* MockATTPermissionOutput.swift in Sources */,
				D8895ED9283536D20079C2AA /* UserRepository.swift in Sources */,
				D8CE68E32838CCB700C1EFD7 /* InquiryUseCase.swift in Sources */,
				D8AF8C21284655CF00533CC7 /* LaunchPresenter.swift in Sources */,
				D8CE68D42837950D00C1EFD7 /* MenuViewModel.swift in Sources */,
				D8CE68DD2838CC7100C1EFD7 /* ShareUseCase.swift in Sources */,
				D8CE68F2283A3CDF00C1EFD7 /* ShareSheetView.swift in Sources */,
				D84188C12856AB4C00CD2AFE /* ATTPermissionViewBuilderTests.swift in Sources */,
				D85B0B672837684300E8062D /* CurrentLocationModelTranslator.swift in Sources */,
				D8BAD89C285A06F400E2CA1D /* MockATTPermissionUseCase.swift in Sources */,
				D8D8578E283343BB0094C1EB /* CurrentLocationEntity.swift in Sources */,
				D8CE68F9283A865800C1EFD7 /* Const.swift in Sources */,
			);
			runOnlyForDeploymentPostprocessing = 0;
		};
		D84930702829841B002DDFD2 /* Sources */ = {
			isa = PBXSourcesBuildPhase;
			buildActionMask = 2147483647;
			files = (
				D849307B2829841B002DDFD2 /* RestroomMapUITestsLaunchTests.swift in Sources */,
				D84930792829841B002DDFD2 /* RestroomMapUITests.swift in Sources */,
			);
			runOnlyForDeploymentPostprocessing = 0;
		};
/* End PBXSourcesBuildPhase section */

/* Begin PBXTargetDependency section */
		D849306C2829841B002DDFD2 /* PBXTargetDependency */ = {
			isa = PBXTargetDependency;
			target = D84930592829841A002DDFD2 /* RestroomMap */;
			targetProxy = D849306B2829841B002DDFD2 /* PBXContainerItemProxy */;
		};
		D84930762829841B002DDFD2 /* PBXTargetDependency */ = {
			isa = PBXTargetDependency;
			target = D84930592829841A002DDFD2 /* RestroomMap */;
			targetProxy = D84930752829841B002DDFD2 /* PBXContainerItemProxy */;
		};
/* End PBXTargetDependency section */

/* Begin XCBuildConfiguration section */
		D849307C2829841B002DDFD2 /* Debug */ = {
			isa = XCBuildConfiguration;
			buildSettings = {
				ALWAYS_SEARCH_USER_PATHS = NO;
				CLANG_ANALYZER_NONNULL = YES;
				CLANG_ANALYZER_NUMBER_OBJECT_CONVERSION = YES_AGGRESSIVE;
				CLANG_CXX_LANGUAGE_STANDARD = "gnu++17";
				CLANG_ENABLE_MODULES = YES;
				CLANG_ENABLE_OBJC_ARC = YES;
				CLANG_ENABLE_OBJC_WEAK = YES;
				CLANG_WARN_BLOCK_CAPTURE_AUTORELEASING = YES;
				CLANG_WARN_BOOL_CONVERSION = YES;
				CLANG_WARN_COMMA = YES;
				CLANG_WARN_CONSTANT_CONVERSION = YES;
				CLANG_WARN_DEPRECATED_OBJC_IMPLEMENTATIONS = YES;
				CLANG_WARN_DIRECT_OBJC_ISA_USAGE = YES_ERROR;
				CLANG_WARN_DOCUMENTATION_COMMENTS = YES;
				CLANG_WARN_EMPTY_BODY = YES;
				CLANG_WARN_ENUM_CONVERSION = YES;
				CLANG_WARN_INFINITE_RECURSION = YES;
				CLANG_WARN_INT_CONVERSION = YES;
				CLANG_WARN_NON_LITERAL_NULL_CONVERSION = YES;
				CLANG_WARN_OBJC_IMPLICIT_RETAIN_SELF = YES;
				CLANG_WARN_OBJC_LITERAL_CONVERSION = YES;
				CLANG_WARN_OBJC_ROOT_CLASS = YES_ERROR;
				CLANG_WARN_QUOTED_INCLUDE_IN_FRAMEWORK_HEADER = YES;
				CLANG_WARN_RANGE_LOOP_ANALYSIS = YES;
				CLANG_WARN_STRICT_PROTOTYPES = YES;
				CLANG_WARN_SUSPICIOUS_MOVE = YES;
				CLANG_WARN_UNGUARDED_AVAILABILITY = YES_AGGRESSIVE;
				CLANG_WARN_UNREACHABLE_CODE = YES;
				CLANG_WARN__DUPLICATE_METHOD_MATCH = YES;
				COPY_PHASE_STRIP = NO;
				DEBUG_INFORMATION_FORMAT = dwarf;
				ENABLE_STRICT_OBJC_MSGSEND = YES;
				ENABLE_TESTABILITY = YES;
				GCC_C_LANGUAGE_STANDARD = gnu11;
				GCC_DYNAMIC_NO_PIC = NO;
				GCC_NO_COMMON_BLOCKS = YES;
				GCC_OPTIMIZATION_LEVEL = 0;
				GCC_PREPROCESSOR_DEFINITIONS = (
					"DEBUG=1",
					"$(inherited)",
				);
				GCC_WARN_64_TO_32_BIT_CONVERSION = YES;
				GCC_WARN_ABOUT_RETURN_TYPE = YES_ERROR;
				GCC_WARN_UNDECLARED_SELECTOR = YES;
				GCC_WARN_UNINITIALIZED_AUTOS = YES_AGGRESSIVE;
				GCC_WARN_UNUSED_FUNCTION = YES;
				GCC_WARN_UNUSED_VARIABLE = YES;
				IPHONEOS_DEPLOYMENT_TARGET = 15.4;
				MTL_ENABLE_DEBUG_INFO = INCLUDE_SOURCE;
				MTL_FAST_MATH = YES;
				ONLY_ACTIVE_ARCH = YES;
				SDKROOT = iphoneos;
				SWIFT_ACTIVE_COMPILATION_CONDITIONS = DEBUG;
				SWIFT_OPTIMIZATION_LEVEL = "-Onone";
			};
			name = Debug;
		};
		D849307D2829841B002DDFD2 /* Release */ = {
			isa = XCBuildConfiguration;
			buildSettings = {
				ALWAYS_SEARCH_USER_PATHS = NO;
				CLANG_ANALYZER_NONNULL = YES;
				CLANG_ANALYZER_NUMBER_OBJECT_CONVERSION = YES_AGGRESSIVE;
				CLANG_CXX_LANGUAGE_STANDARD = "gnu++17";
				CLANG_ENABLE_MODULES = YES;
				CLANG_ENABLE_OBJC_ARC = YES;
				CLANG_ENABLE_OBJC_WEAK = YES;
				CLANG_WARN_BLOCK_CAPTURE_AUTORELEASING = YES;
				CLANG_WARN_BOOL_CONVERSION = YES;
				CLANG_WARN_COMMA = YES;
				CLANG_WARN_CONSTANT_CONVERSION = YES;
				CLANG_WARN_DEPRECATED_OBJC_IMPLEMENTATIONS = YES;
				CLANG_WARN_DIRECT_OBJC_ISA_USAGE = YES_ERROR;
				CLANG_WARN_DOCUMENTATION_COMMENTS = YES;
				CLANG_WARN_EMPTY_BODY = YES;
				CLANG_WARN_ENUM_CONVERSION = YES;
				CLANG_WARN_INFINITE_RECURSION = YES;
				CLANG_WARN_INT_CONVERSION = YES;
				CLANG_WARN_NON_LITERAL_NULL_CONVERSION = YES;
				CLANG_WARN_OBJC_IMPLICIT_RETAIN_SELF = YES;
				CLANG_WARN_OBJC_LITERAL_CONVERSION = YES;
				CLANG_WARN_OBJC_ROOT_CLASS = YES_ERROR;
				CLANG_WARN_QUOTED_INCLUDE_IN_FRAMEWORK_HEADER = YES;
				CLANG_WARN_RANGE_LOOP_ANALYSIS = YES;
				CLANG_WARN_STRICT_PROTOTYPES = YES;
				CLANG_WARN_SUSPICIOUS_MOVE = YES;
				CLANG_WARN_UNGUARDED_AVAILABILITY = YES_AGGRESSIVE;
				CLANG_WARN_UNREACHABLE_CODE = YES;
				CLANG_WARN__DUPLICATE_METHOD_MATCH = YES;
				COPY_PHASE_STRIP = NO;
				DEBUG_INFORMATION_FORMAT = "dwarf-with-dsym";
				ENABLE_NS_ASSERTIONS = NO;
				ENABLE_STRICT_OBJC_MSGSEND = YES;
				GCC_C_LANGUAGE_STANDARD = gnu11;
				GCC_NO_COMMON_BLOCKS = YES;
				GCC_WARN_64_TO_32_BIT_CONVERSION = YES;
				GCC_WARN_ABOUT_RETURN_TYPE = YES_ERROR;
				GCC_WARN_UNDECLARED_SELECTOR = YES;
				GCC_WARN_UNINITIALIZED_AUTOS = YES_AGGRESSIVE;
				GCC_WARN_UNUSED_FUNCTION = YES;
				GCC_WARN_UNUSED_VARIABLE = YES;
				IPHONEOS_DEPLOYMENT_TARGET = 15.4;
				MTL_ENABLE_DEBUG_INFO = NO;
				MTL_FAST_MATH = YES;
				SDKROOT = iphoneos;
				SWIFT_COMPILATION_MODE = wholemodule;
				SWIFT_OPTIMIZATION_LEVEL = "-O";
				VALIDATE_PRODUCT = YES;
			};
			name = Release;
		};
		D849307F2829841B002DDFD2 /* Debug */ = {
			isa = XCBuildConfiguration;
			buildSettings = {
				ASSETCATALOG_COMPILER_APPICON_NAME = AppIcon;
				ASSETCATALOG_COMPILER_GLOBAL_ACCENT_COLOR_NAME = AccentColor;
				CODE_SIGN_STYLE = Automatic;
				CURRENT_PROJECT_VERSION = 1;
				DEVELOPMENT_ASSET_PATHS = "\"RestroomMap/Preview Content\"";
				DEVELOPMENT_TEAM = ZXZ96723Y7;
				ENABLE_PREVIEWS = YES;
				GENERATE_INFOPLIST_FILE = YES;
				INFOPLIST_FILE = RestroomMap/Info.plist;
				INFOPLIST_KEY_NSLocationWhenInUseUsageDescription = "本アプリで地点情報を利用するには、位置情報取得を許可する必要があります。";
				INFOPLIST_KEY_NSUserTrackingUsageDescription = "無関係な広告を表示されにくくします";
				INFOPLIST_KEY_UIApplicationSceneManifest_Generation = YES;
				INFOPLIST_KEY_UIApplicationSupportsIndirectInputEvents = YES;
				INFOPLIST_KEY_UILaunchScreen_Generation = YES;
				INFOPLIST_KEY_UISupportedInterfaceOrientations = UIInterfaceOrientationPortrait;
				INFOPLIST_KEY_UISupportedInterfaceOrientations_iPad = "UIInterfaceOrientationPortrait UIInterfaceOrientationPortraitUpsideDown UIInterfaceOrientationLandscapeLeft UIInterfaceOrientationLandscapeRight";
				INFOPLIST_KEY_UISupportedInterfaceOrientations_iPhone = "UIInterfaceOrientationPortrait UIInterfaceOrientationLandscapeLeft UIInterfaceOrientationLandscapeRight";
				IPHONEOS_DEPLOYMENT_TARGET = 15.0;
				LD_RUNPATH_SEARCH_PATHS = (
					"$(inherited)",
					"@executable_path/Frameworks",
				);
				MARKETING_VERSION = 1.0;
				PRODUCT_BUNDLE_IDENTIFIER = com.ken.RestroomMap;
				PRODUCT_NAME = "$(TARGET_NAME)";
				SWIFT_EMIT_LOC_STRINGS = YES;
				SWIFT_VERSION = 5.0;
				TARGETED_DEVICE_FAMILY = 1;
			};
			name = Debug;
		};
		D84930802829841B002DDFD2 /* Release */ = {
			isa = XCBuildConfiguration;
			buildSettings = {
				ASSETCATALOG_COMPILER_APPICON_NAME = AppIcon;
				ASSETCATALOG_COMPILER_GLOBAL_ACCENT_COLOR_NAME = AccentColor;
				CODE_SIGN_STYLE = Automatic;
				CURRENT_PROJECT_VERSION = 1;
				DEVELOPMENT_ASSET_PATHS = "\"RestroomMap/Preview Content\"";
				DEVELOPMENT_TEAM = ZXZ96723Y7;
				ENABLE_PREVIEWS = YES;
				GENERATE_INFOPLIST_FILE = YES;
				INFOPLIST_FILE = RestroomMap/Info.plist;
				INFOPLIST_KEY_NSLocationWhenInUseUsageDescription = "本アプリで地点情報を利用するには、位置情報取得を許可する必要があります。";
				INFOPLIST_KEY_NSUserTrackingUsageDescription = "無関係な広告を表示されにくくします";
				INFOPLIST_KEY_UIApplicationSceneManifest_Generation = YES;
				INFOPLIST_KEY_UIApplicationSupportsIndirectInputEvents = YES;
				INFOPLIST_KEY_UILaunchScreen_Generation = YES;
				INFOPLIST_KEY_UISupportedInterfaceOrientations = UIInterfaceOrientationPortrait;
				INFOPLIST_KEY_UISupportedInterfaceOrientations_iPad = "UIInterfaceOrientationPortrait UIInterfaceOrientationPortraitUpsideDown UIInterfaceOrientationLandscapeLeft UIInterfaceOrientationLandscapeRight";
				INFOPLIST_KEY_UISupportedInterfaceOrientations_iPhone = "UIInterfaceOrientationPortrait UIInterfaceOrientationLandscapeLeft UIInterfaceOrientationLandscapeRight";
				IPHONEOS_DEPLOYMENT_TARGET = 15.0;
				LD_RUNPATH_SEARCH_PATHS = (
					"$(inherited)",
					"@executable_path/Frameworks",
				);
				MARKETING_VERSION = 1.0;
				PRODUCT_BUNDLE_IDENTIFIER = com.ken.RestroomMap;
				PRODUCT_NAME = "$(TARGET_NAME)";
				SWIFT_EMIT_LOC_STRINGS = YES;
				SWIFT_VERSION = 5.0;
				TARGETED_DEVICE_FAMILY = 1;
			};
			name = Release;
		};
		D84930822829841B002DDFD2 /* Debug */ = {
			isa = XCBuildConfiguration;
			buildSettings = {
				ALWAYS_EMBED_SWIFT_STANDARD_LIBRARIES = YES;
				BUNDLE_LOADER = "$(TEST_HOST)";
				CODE_SIGN_STYLE = Automatic;
				CURRENT_PROJECT_VERSION = 1;
				DEVELOPMENT_TEAM = ZXZ96723Y7;
				GENERATE_INFOPLIST_FILE = YES;
				IPHONEOS_DEPLOYMENT_TARGET = 15.4;
				MARKETING_VERSION = 1.0;
				PRODUCT_BUNDLE_IDENTIFIER = com.ken.RestroomMapTests;
				PRODUCT_NAME = "$(TARGET_NAME)";
				SWIFT_EMIT_LOC_STRINGS = NO;
				SWIFT_VERSION = 5.0;
				TARGETED_DEVICE_FAMILY = "1,2";
				TEST_HOST = "$(BUILT_PRODUCTS_DIR)/RestroomMap.app/RestroomMap";
			};
			name = Debug;
		};
		D84930832829841B002DDFD2 /* Release */ = {
			isa = XCBuildConfiguration;
			buildSettings = {
				ALWAYS_EMBED_SWIFT_STANDARD_LIBRARIES = YES;
				BUNDLE_LOADER = "$(TEST_HOST)";
				CODE_SIGN_STYLE = Automatic;
				CURRENT_PROJECT_VERSION = 1;
				DEVELOPMENT_TEAM = ZXZ96723Y7;
				GENERATE_INFOPLIST_FILE = YES;
				IPHONEOS_DEPLOYMENT_TARGET = 15.4;
				MARKETING_VERSION = 1.0;
				PRODUCT_BUNDLE_IDENTIFIER = com.ken.RestroomMapTests;
				PRODUCT_NAME = "$(TARGET_NAME)";
				SWIFT_EMIT_LOC_STRINGS = NO;
				SWIFT_VERSION = 5.0;
				TARGETED_DEVICE_FAMILY = "1,2";
				TEST_HOST = "$(BUILT_PRODUCTS_DIR)/RestroomMap.app/RestroomMap";
			};
			name = Release;
		};
		D84930852829841B002DDFD2 /* Debug */ = {
			isa = XCBuildConfiguration;
			buildSettings = {
				ALWAYS_EMBED_SWIFT_STANDARD_LIBRARIES = YES;
				CODE_SIGN_STYLE = Automatic;
				CURRENT_PROJECT_VERSION = 1;
				DEVELOPMENT_TEAM = ZXZ96723Y7;
				GENERATE_INFOPLIST_FILE = YES;
				MARKETING_VERSION = 1.0;
				PRODUCT_BUNDLE_IDENTIFIER = com.ken.RestroomMapUITests;
				PRODUCT_NAME = "$(TARGET_NAME)";
				SWIFT_EMIT_LOC_STRINGS = NO;
				SWIFT_VERSION = 5.0;
				TARGETED_DEVICE_FAMILY = "1,2";
				TEST_TARGET_NAME = RestroomMap;
			};
			name = Debug;
		};
		D84930862829841B002DDFD2 /* Release */ = {
			isa = XCBuildConfiguration;
			buildSettings = {
				ALWAYS_EMBED_SWIFT_STANDARD_LIBRARIES = YES;
				CODE_SIGN_STYLE = Automatic;
				CURRENT_PROJECT_VERSION = 1;
				DEVELOPMENT_TEAM = ZXZ96723Y7;
				GENERATE_INFOPLIST_FILE = YES;
				MARKETING_VERSION = 1.0;
				PRODUCT_BUNDLE_IDENTIFIER = com.ken.RestroomMapUITests;
				PRODUCT_NAME = "$(TARGET_NAME)";
				SWIFT_EMIT_LOC_STRINGS = NO;
				SWIFT_VERSION = 5.0;
				TARGETED_DEVICE_FAMILY = "1,2";
				TEST_TARGET_NAME = RestroomMap;
			};
			name = Release;
		};
/* End XCBuildConfiguration section */

/* Begin XCConfigurationList section */
		D84930552829841A002DDFD2 /* Build configuration list for PBXProject "RestroomMap" */ = {
			isa = XCConfigurationList;
			buildConfigurations = (
				D849307C2829841B002DDFD2 /* Debug */,
				D849307D2829841B002DDFD2 /* Release */,
			);
			defaultConfigurationIsVisible = 0;
			defaultConfigurationName = Release;
		};
		D849307E2829841B002DDFD2 /* Build configuration list for PBXNativeTarget "RestroomMap" */ = {
			isa = XCConfigurationList;
			buildConfigurations = (
				D849307F2829841B002DDFD2 /* Debug */,
				D84930802829841B002DDFD2 /* Release */,
			);
			defaultConfigurationIsVisible = 0;
			defaultConfigurationName = Release;
		};
		D84930812829841B002DDFD2 /* Build configuration list for PBXNativeTarget "RestroomMapTests" */ = {
			isa = XCConfigurationList;
			buildConfigurations = (
				D84930822829841B002DDFD2 /* Debug */,
				D84930832829841B002DDFD2 /* Release */,
			);
			defaultConfigurationIsVisible = 0;
			defaultConfigurationName = Release;
		};
		D84930842829841B002DDFD2 /* Build configuration list for PBXNativeTarget "RestroomMapUITests" */ = {
			isa = XCConfigurationList;
			buildConfigurations = (
				D84930852829841B002DDFD2 /* Debug */,
				D84930862829841B002DDFD2 /* Release */,
			);
			defaultConfigurationIsVisible = 0;
			defaultConfigurationName = Release;
		};
/* End XCConfigurationList section */
	};
	rootObject = D84930522829841A002DDFD2 /* Project object */;
}
